<?xml version="1.0" encoding="utf-8"?>
<Project ToolsVersion="4.0" xmlns="http://schemas.microsoft.com/developer/msbuild/2003">
  <ItemGroup>
    <ClCompile Include="..\src\Helpers\FileHelpers.cpp">
      <Filter>Helpers</Filter>
    </ClCompile>
    <ClCompile Include="..\src\Helpers\StringHelpers.cpp">
      <Filter>Helpers</Filter>
    </ClCompile>
    <ClCompile Include="..\src\cubemapenv_Ext\CubemapFramebuffer.cpp" />
    <ClCompile Include="..\src\BufferView\BufferView.cpp">
      <Filter>BufferView</Filter>
    </ClCompile>
    <ClCompile Include="..\src\BufferView\FrameBufferObjectView.cpp">
      <Filter>BufferView</Filter>
    </ClCompile>
    <ClCompile Include="..\src\BufferView\TextureView.cpp">
      <Filter>BufferView</Filter>
    </ClCompile>
    <ClCompile Include="..\src\cubemapenv_ext\TextureBoxFramebuffer.cpp" />
    <ClCompile Include="..\src\cubemapenv_Ext\cubemapenv_Ext.cpp" />
  </ItemGroup>
  <ItemGroup>
    <CustomBuild Include="C:\Superbible_7\CMakeLists.txt" />
  </ItemGroup>
  <ItemGroup>
    <Filter Include="Helpers">
      <UniqueIdentifier>{ce624543-710a-4758-a078-bb60699c0efb}</UniqueIdentifier>
    </Filter>
    <Filter Include="BufferView">
      <UniqueIdentifier>{708e1b19-c11d-4d44-8d56-5ad408a70d07}</UniqueIdentifier>
    </Filter>
    <Filter Include="Shaders">
      <UniqueIdentifier>{4892a2f0-831f-4c1e-9b9a-52ad58725a46}</UniqueIdentifier>
    </Filter>
  </ItemGroup>
  <ItemGroup>
    <ClInclude Include="..\src\Helpers\StringHelpers.hpp">
      <Filter>Helpers</Filter>
    </ClInclude>
    <ClInclude Include="..\src\Helpers\FileHelpers.hpp">
      <Filter>Helpers</Filter>
    </ClInclude>
    <ClInclude Include="..\src\cubemapenv_Ext\CubemapFramebuffer.h" />
    <ClInclude Include="..\src\BufferView\BufferView.h">
      <Filter>BufferView</Filter>
    </ClInclude>
    <ClInclude Include="..\src\BufferView\FrameBufferObjectView.h">
      <Filter>BufferView</Filter>
    </ClInclude>
    <ClInclude Include="..\src\BufferView\TextureView.h">
      <Filter>BufferView</Filter>
    </ClInclude>
    <ClInclude Include="..\src\cubemapenv_ext\TextureBoxFramebuffer.h" />
  </ItemGroup>
  <ItemGroup>
    <None Include="..\bin\media\shaders\cubemapenv_Ext\cubemap_render.fs.glsl">
      <Filter>Shaders</Filter>
    </None>
    <None Include="..\bin\media\shaders\cubemapenv_Ext\cubemap_render.vs.glsl">
      <Filter>Shaders</Filter>
    </None>
    <None Include="..\bin\media\shaders\cubemapenv_Ext\render.fs.glsl">
      <Filter>Shaders</Filter>
    </None>
    <None Include="..\bin\media\shaders\cubemapenv_Ext\render.vs.glsl">
      <Filter>Shaders</Filter>
    </None>
    <None Include="..\bin\media\shaders\cubemapenv_Ext\render_ext.fs.glsl">
      <Filter>Shaders</Filter>
    </None>
    <None Include="..\bin\media\shaders\cubemapenv_Ext\render_ext.vs.glsl">
      <Filter>Shaders</Filter>
    </None>
    <None Include="..\bin\media\shaders\cubemapenv_Ext\skybox.fs.glsl">
      <Filter>Shaders</Filter>
    </None>
    <None Include="..\bin\media\shaders\cubemapenv_Ext\skybox.vs.glsl">
      <Filter>Shaders</Filter>
    </None>
  </ItemGroup>
</Project>