Microsoft Visual Studio Solution File, Format Version 12.00
# Visual Studio 2013
VisualStudioVersion = 12.0.40629.0
MinimumVisualStudioVersion = 10.0.40219.1
Project("{8BC9CEB8-8B4A-11D0-8D11-00A0C91BC942}") = "ALL_BUILD", "ALL_BUILD.vcxproj", "{B26973CB-4869-3D4F-96BB-0AF4554BE0BC}"
	ProjectSection(ProjectDependencies) = postProject
		{E7DF3E92-6F6B-3014-B01E-98E1B5F67912} = {E7DF3E92-6F6B-3014-B01E-98E1B5F67912}
		{FB7026B2-33DE-3EE5-BAC0-6F0B9647F810} = {FB7026B2-33DE-3EE5-BAC0-6F0B9647F810}
		{ADCA8E54-3FD1-3D1D-83ED-654D43244331} = {ADCA8E54-3FD1-3D1D-83ED-654D43244331}
		{EC0899EE-5BD5-3111-B77F-4E0D7748B167} = {EC0899EE-5BD5-3111-B77F-4E0D7748B167}
		{4A48D351-E658-3287-8779-B292C43AE788} = {4A48D351-E658-3287-8779-B292C43AE788}
		{453EB403-E877-3A33-AAB9-999539375672} = {453EB403-E877-3A33-AAB9-999539375672}
		{771DCD80-9EFB-3B7D-BFC1-E11FB964CE4A} = {771DCD80-9EFB-3B7D-BFC1-E11FB964CE4A}
		{3DDE3961-9B1F-3C64-8A18-0287215AA4CD} = {3DDE3961-9B1F-3C64-8A18-0287215AA4CD}
		{BEBA58D1-63E2-3A4E-A43E-94B2DB5A6172} = {BEBA58D1-63E2-3A4E-A43E-94B2DB5A6172}
		{54CFBA42-CF65-3584-8D60-73AACDAEA9F5} = {54CFBA42-CF65-3584-8D60-73AACDAEA9F5}
		{83FC3C98-19E2-34FF-BDB3-00E243995EBA} = {83FC3C98-19E2-34FF-BDB3-00E243995EBA}
		{37C1DF1B-4534-3524-99EC-F313307255AB} = {37C1DF1B-4534-3524-99EC-F313307255AB}
		{715070DF-4F34-374C-8E8B-72B30E65DC8A} = {715070DF-4F34-374C-8E8B-72B30E65DC8A}
		{FFC7E1E9-77F8-3928-8E29-10ADF401C0DD} = {FFC7E1E9-77F8-3928-8E29-10ADF401C0DD}
		{D11A2C80-AA7C-33C9-8052-EC89E21CDEAA} = {D11A2C80-AA7C-33C9-8052-EC89E21CDEAA}
		{314489B8-0D3B-381D-B263-CA03B1B2BCAA} = {314489B8-0D3B-381D-B263-CA03B1B2BCAA}
		{80B981F2-EA31-3AF2-89E5-02A29747A083} = {80B981F2-EA31-3AF2-89E5-02A29747A083}
		{7AC439A6-6478-3CF4-9321-ED652CA710EB} = {7AC439A6-6478-3CF4-9321-ED652CA710EB}
		{22A8AFA7-F1B9-3AC8-A8B0-E1ED1274ACE1} = {22A8AFA7-F1B9-3AC8-A8B0-E1ED1274ACE1}
		{C14A7B8B-2E17-3745-BFC5-160A865D3624} = {C14A7B8B-2E17-3745-BFC5-160A865D3624}
		{C44DF334-B542-39FD-8E41-E030A224E5F6} = {C44DF334-B542-39FD-8E41-E030A224E5F6}
		{36FDB320-D749-3056-B796-70F9C6AC906C} = {36FDB320-D749-3056-B796-70F9C6AC906C}
		{6C7B8B0B-2F0E-3D0C-A1F5-5BA42FC68D06} = {6C7B8B0B-2F0E-3D0C-A1F5-5BA42FC68D06}
		{9CDCE498-F30F-31A4-B1FB-219298821E13} = {9CDCE498-F30F-31A4-B1FB-219298821E13}
		{EF11B3B1-6C22-38AA-B809-BDBBA1EC2386} = {EF11B3B1-6C22-38AA-B809-BDBBA1EC2386}
		{29F6662C-69B5-3F2A-808F-3087B8BFC407} = {29F6662C-69B5-3F2A-808F-3087B8BFC407}
		{6C9A63F9-1BF7-3C35-875B-A1D7DFF0D269} = {6C9A63F9-1BF7-3C35-875B-A1D7DFF0D269}
		{03A81797-CC6F-317E-A3F3-6A1855E84702} = {03A81797-CC6F-317E-A3F3-6A1855E84702}
		{7BDE2619-A084-361C-8C65-3E64B5C1D5FF} = {7BDE2619-A084-361C-8C65-3E64B5C1D5FF}
		{5D9A2B54-1339-388C-8137-ED9FDFBEE80C} = {5D9A2B54-1339-388C-8137-ED9FDFBEE80C}
		{0631840B-64F8-395F-AC91-1DF5BB227FED} = {0631840B-64F8-395F-AC91-1DF5BB227FED}
		{2D715437-E019-34E7-B900-BB3FE18DED3E} = {2D715437-E019-34E7-B900-BB3FE18DED3E}
		{65E0FF15-980E-34EF-B3D6-0E931A4EB64E} = {65E0FF15-980E-34EF-B3D6-0E931A4EB64E}
		{76062B68-CFB9-3BC3-A4EE-EE67E17D3D16} = {76062B68-CFB9-3BC3-A4EE-EE67E17D3D16}
		{6C0E9665-8A77-3B59-A7F0-2F1AD914FA98} = {6C0E9665-8A77-3B59-A7F0-2F1AD914FA98}
		{2BF912CE-F4E3-3BF8-BFD9-E2CF994F3527} = {2BF912CE-F4E3-3BF8-BFD9-E2CF994F3527}
		{329B5C03-6A22-3B24-BCAB-2B34221DF1AE} = {329B5C03-6A22-3B24-BCAB-2B34221DF1AE}
		{BF4329DA-CFFF-3093-AD67-22ABC25D1BEF} = {BF4329DA-CFFF-3093-AD67-22ABC25D1BEF}
		{05A9E0B9-C7D4-36CE-9F98-2D54BA68944A} = {05A9E0B9-C7D4-36CE-9F98-2D54BA68944A}
		{A427FB53-1B97-3165-9A99-AC1E86630AE7} = {A427FB53-1B97-3165-9A99-AC1E86630AE7}
		{A6A7F982-14FB-3BE8-9FC7-8B6F1D71CADD} = {A6A7F982-14FB-3BE8-9FC7-8B6F1D71CADD}
		{2897627F-6FD6-3FB7-8E65-527168218089} = {2897627F-6FD6-3FB7-8E65-527168218089}
		{01B061AB-B082-3FB6-AE00-1D26B1C3D879} = {01B061AB-B082-3FB6-AE00-1D26B1C3D879}
		{1A882186-DC1E-3E3A-A271-3495033B5E0C} = {1A882186-DC1E-3E3A-A271-3495033B5E0C}
		{D6F8E153-675E-3D5A-B722-46F81F492D22} = {D6F8E153-675E-3D5A-B722-46F81F492D22}
		{DDA2A23F-218E-3C19-8D1D-F4B8CE5DDEBD} = {DDA2A23F-218E-3C19-8D1D-F4B8CE5DDEBD}
		{766FD640-8B07-3719-94C8-AA0D4E8F820E} = {766FD640-8B07-3719-94C8-AA0D4E8F820E}
		{224CD674-1C5D-3050-8F0A-35DB21FE87BA} = {224CD674-1C5D-3050-8F0A-35DB21FE87BA}
		{86DE80E9-3D69-3198-B647-51A1122A60C3} = {86DE80E9-3D69-3198-B647-51A1122A60C3}
		{CE078617-F041-35BC-BF83-D11B9EBAA87B} = {CE078617-F041-35BC-BF83-D11B9EBAA87B}
		{76A1D16D-17E6-39F7-9B73-9CB0A15A898A} = {76A1D16D-17E6-39F7-9B73-9CB0A15A898A}
		{28C74DCF-02A1-3A17-A5B6-4D3FC95D8DD0} = {28C74DCF-02A1-3A17-A5B6-4D3FC95D8DD0}
		{73BE149E-377F-319A-83B5-318EF52BF639} = {73BE149E-377F-319A-83B5-318EF52BF639}
		{EFF13FE6-B827-35BD-9A4E-11B6CCF445A7} = {EFF13FE6-B827-35BD-9A4E-11B6CCF445A7}
		{407C1B7C-312A-3A24-8E2D-C01EDBD5474B} = {407C1B7C-312A-3A24-8E2D-C01EDBD5474B}
		{3F279B74-2DC0-3771-BF82-3D93A83F77D7} = {3F279B74-2DC0-3771-BF82-3D93A83F77D7}
		{6E84136B-7CF8-3ED2-8C77-0E84A127F739} = {6E84136B-7CF8-3ED2-8C77-0E84A127F739}
		{425BFC28-73FB-35C8-8823-B8A987F5C13F} = {425BFC28-73FB-35C8-8823-B8A987F5C13F}
		{223CEBE0-B8F9-3ABF-8E49-003E61B863EC} = {223CEBE0-B8F9-3ABF-8E49-003E61B863EC}
		{58D1D247-4552-301B-8C4D-61203B9FE72B} = {58D1D247-4552-301B-8C4D-61203B9FE72B}
		{29F4FD14-9D12-3020-8914-534D3A9B1C6F} = {29F4FD14-9D12-3020-8914-534D3A9B1C6F}
		{D512BAAE-1AB3-3310-B456-7E27BAD6F4FA} = {D512BAAE-1AB3-3310-B456-7E27BAD6F4FA}
		{E528600B-BF31-330D-9413-53B8D49C2688} = {E528600B-BF31-330D-9413-53B8D49C2688}
		{4CF36B9B-7ECC-3106-AB84-A1815863D238} = {4CF36B9B-7ECC-3106-AB84-A1815863D238}
		{9540123C-B545-3465-9F2E-98C16B44288E} = {9540123C-B545-3465-9F2E-98C16B44288E}
		{94DAB4B1-305C-3DAD-8346-D5066A916700} = {94DAB4B1-305C-3DAD-8346-D5066A916700}
		{71A7CF90-DCEC-33C7-982A-01682595C769} = {71A7CF90-DCEC-33C7-982A-01682595C769}
		{03996BB5-D2ED-395F-A180-E3526F322ECF} = {03996BB5-D2ED-395F-A180-E3526F322ECF}
		{09E4FE7C-B8C9-3A23-AED6-B651BD5A8BF6} = {09E4FE7C-B8C9-3A23-AED6-B651BD5A8BF6}
		{1BA28C3A-4172-3B0E-8B8C-DACB752FECEE} = {1BA28C3A-4172-3B0E-8B8C-DACB752FECEE}
		{16BF6718-6994-31E7-809F-AAF3813C5FB4} = {16BF6718-6994-31E7-809F-AAF3813C5FB4}
		{7B591852-9A14-3D53-BFA9-AD313E4F3A07} = {7B591852-9A14-3D53-BFA9-AD313E4F3A07}
		{AAF6F3A1-9C2E-3944-B4F1-9D736B0A1B8D} = {AAF6F3A1-9C2E-3944-B4F1-9D736B0A1B8D}
		{9C7F8E4D-E897-3F1E-9370-74C95F43361F} = {9C7F8E4D-E897-3F1E-9370-74C95F43361F}
		{78B2DF8B-DCBE-3903-BE33-47DED9311CF2} = {78B2DF8B-DCBE-3903-BE33-47DED9311CF2}
		{1AB77EF7-D203-360C-B6B3-509F84F8E686} = {1AB77EF7-D203-360C-B6B3-509F84F8E686}
		{98C17921-4176-3C0F-BC53-F5D85FCE1F46} = {98C17921-4176-3C0F-BC53-F5D85FCE1F46}
		{F5397CB0-1C63-39DF-96EB-A631E7905D31} = {F5397CB0-1C63-39DF-96EB-A631E7905D31}
		{A9A84FF9-534E-3DA1-8DF7-275D1F5398CC} = {A9A84FF9-534E-3DA1-8DF7-275D1F5398CC}
		{91F1649E-7725-3887-A8E4-E6B2DC8406D5} = {91F1649E-7725-3887-A8E4-E6B2DC8406D5}
		{36B9621D-C0A5-3746-AAF3-D13C658B14F5} = {36B9621D-C0A5-3746-AAF3-D13C658B14F5}
		{8F7DC6F6-9E4F-3067-BF9B-4251E71D3939} = {8F7DC6F6-9E4F-3067-BF9B-4251E71D3939}
		{F1F2A75F-6F33-34E3-86C1-02CC3A2B7FCA} = {F1F2A75F-6F33-34E3-86C1-02CC3A2B7FCA}
		{41618869-D4F4-3DDB-993F-928B9E708EBE} = {41618869-D4F4-3DDB-993F-928B9E708EBE}
	EndProjectSection
EndProject
Project("{8BC9CEB8-8B4A-11D0-8D11-00A0C91BC942}") = "ZERO_CHECK", "ZERO_CHECK.vcxproj", "{E7DF3E92-6F6B-3014-B01E-98E1B5F67912}"
EndProject
Project("{8BC9CEB8-8B4A-11D0-8D11-00A0C91BC942}") = "alienrain", "alienrain.vcxproj", "{FB7026B2-33DE-3EE5-BAC0-6F0B9647F810}"
	ProjectSection(ProjectDependencies) = postProject
		{E7DF3E92-6F6B-3014-B01E-98E1B5F67912} = {E7DF3E92-6F6B-3014-B01E-98E1B5F67912}
		{29F4FD14-9D12-3020-8914-534D3A9B1C6F} = {29F4FD14-9D12-3020-8914-534D3A9B1C6F}
	EndProjectSection
EndProject
Project("{8BC9CEB8-8B4A-11D0-8D11-00A0C91BC942}") = "basicfbo", "basicfbo.vcxproj", "{ADCA8E54-3FD1-3D1D-83ED-654D43244331}"
	ProjectSection(ProjectDependencies) = postProject
		{E7DF3E92-6F6B-3014-B01E-98E1B5F67912} = {E7DF3E92-6F6B-3014-B01E-98E1B5F67912}
		{29F4FD14-9D12-3020-8914-534D3A9B1C6F} = {29F4FD14-9D12-3020-8914-534D3A9B1C6F}
	EndProjectSection
EndProject
Project("{8BC9CEB8-8B4A-11D0-8D11-00A0C91BC942}") = "bindlesstex", "bindlesstex.vcxproj", "{EC0899EE-5BD5-3111-B77F-4E0D7748B167}"
	ProjectSection(ProjectDependencies) = postProject
		{E7DF3E92-6F6B-3014-B01E-98E1B5F67912} = {E7DF3E92-6F6B-3014-B01E-98E1B5F67912}
		{29F4FD14-9D12-3020-8914-534D3A9B1C6F} = {29F4FD14-9D12-3020-8914-534D3A9B1C6F}
	EndProjectSection
EndProject
Project("{8BC9CEB8-8B4A-11D0-8D11-00A0C91BC942}") = "blendmatrix", "blendmatrix.vcxproj", "{4A48D351-E658-3287-8779-B292C43AE788}"
	ProjectSection(ProjectDependencies) = postProject
		{E7DF3E92-6F6B-3014-B01E-98E1B5F67912} = {E7DF3E92-6F6B-3014-B01E-98E1B5F67912}
		{29F4FD14-9D12-3020-8914-534D3A9B1C6F} = {29F4FD14-9D12-3020-8914-534D3A9B1C6F}
	EndProjectSection
EndProject
Project("{8BC9CEB8-8B4A-11D0-8D11-00A0C91BC942}") = "blinnphong", "blinnphong.vcxproj", "{453EB403-E877-3A33-AAB9-999539375672}"
	ProjectSection(ProjectDependencies) = postProject
		{E7DF3E92-6F6B-3014-B01E-98E1B5F67912} = {E7DF3E92-6F6B-3014-B01E-98E1B5F67912}
		{29F4FD14-9D12-3020-8914-534D3A9B1C6F} = {29F4FD14-9D12-3020-8914-534D3A9B1C6F}
	EndProjectSection
EndProject
Project("{8BC9CEB8-8B4A-11D0-8D11-00A0C91BC942}") = "bumpmapping", "bumpmapping.vcxproj", "{771DCD80-9EFB-3B7D-BFC1-E11FB964CE4A}"
	ProjectSection(ProjectDependencies) = postProject
		{E7DF3E92-6F6B-3014-B01E-98E1B5F67912} = {E7DF3E92-6F6B-3014-B01E-98E1B5F67912}
		{29F4FD14-9D12-3020-8914-534D3A9B1C6F} = {29F4FD14-9D12-3020-8914-534D3A9B1C6F}
	EndProjectSection
EndProject
Project("{8BC9CEB8-8B4A-11D0-8D11-00A0C91BC942}") = "clipdistance", "clipdistance.vcxproj", "{3DDE3961-9B1F-3C64-8A18-0287215AA4CD}"
	ProjectSection(ProjectDependencies) = postProject
		{E7DF3E92-6F6B-3014-B01E-98E1B5F67912} = {E7DF3E92-6F6B-3014-B01E-98E1B5F67912}
		{29F4FD14-9D12-3020-8914-534D3A9B1C6F} = {29F4FD14-9D12-3020-8914-534D3A9B1C6F}
	EndProjectSection
EndProject
Project("{8BC9CEB8-8B4A-11D0-8D11-00A0C91BC942}") = "compressrgtc", "compressrgtc.vcxproj", "{BEBA58D1-63E2-3A4E-A43E-94B2DB5A6172}"
	ProjectSection(ProjectDependencies) = postProject
		{E7DF3E92-6F6B-3014-B01E-98E1B5F67912} = {E7DF3E92-6F6B-3014-B01E-98E1B5F67912}
		{29F4FD14-9D12-3020-8914-534D3A9B1C6F} = {29F4FD14-9D12-3020-8914-534D3A9B1C6F}
	EndProjectSection
EndProject
Project("{8BC9CEB8-8B4A-11D0-8D11-00A0C91BC942}") = "csflocking", "csflocking.vcxproj", "{54CFBA42-CF65-3584-8D60-73AACDAEA9F5}"
	ProjectSection(ProjectDependencies) = postProject
		{E7DF3E92-6F6B-3014-B01E-98E1B5F67912} = {E7DF3E92-6F6B-3014-B01E-98E1B5F67912}
		{29F4FD14-9D12-3020-8914-534D3A9B1C6F} = {29F4FD14-9D12-3020-8914-534D3A9B1C6F}
	EndProjectSection
EndProject
Project("{8BC9CEB8-8B4A-11D0-8D11-00A0C91BC942}") = "cubemapenv", "cubemapenv.vcxproj", "{83FC3C98-19E2-34FF-BDB3-00E243995EBA}"
	ProjectSection(ProjectDependencies) = postProject
		{E7DF3E92-6F6B-3014-B01E-98E1B5F67912} = {E7DF3E92-6F6B-3014-B01E-98E1B5F67912}
		{29F4FD14-9D12-3020-8914-534D3A9B1C6F} = {29F4FD14-9D12-3020-8914-534D3A9B1C6F}
	EndProjectSection
EndProject
Project("{8BC9CEB8-8B4A-11D0-8D11-00A0C91BC942}") = "cubicbezier", "cubicbezier.vcxproj", "{37C1DF1B-4534-3524-99EC-F313307255AB}"
	ProjectSection(ProjectDependencies) = postProject
		{E7DF3E92-6F6B-3014-B01E-98E1B5F67912} = {E7DF3E92-6F6B-3014-B01E-98E1B5F67912}
		{29F4FD14-9D12-3020-8914-534D3A9B1C6F} = {29F4FD14-9D12-3020-8914-534D3A9B1C6F}
	EndProjectSection
EndProject
Project("{8BC9CEB8-8B4A-11D0-8D11-00A0C91BC942}") = "cullindirect", "cullindirect.vcxproj", "{715070DF-4F34-374C-8E8B-72B30E65DC8A}"
	ProjectSection(ProjectDependencies) = postProject
		{E7DF3E92-6F6B-3014-B01E-98E1B5F67912} = {E7DF3E92-6F6B-3014-B01E-98E1B5F67912}
		{29F4FD14-9D12-3020-8914-534D3A9B1C6F} = {29F4FD14-9D12-3020-8914-534D3A9B1C6F}
	EndProjectSection
EndProject
Project("{8BC9CEB8-8B4A-11D0-8D11-00A0C91BC942}") = "debug", "debug.vcxproj", "{78A8E02F-0EAC-3C56-962D-7C152AF08D1A}"
	ProjectSection(ProjectDependencies) = postProject
		{E7DF3E92-6F6B-3014-B01E-98E1B5F67912} = {E7DF3E92-6F6B-3014-B01E-98E1B5F67912}
	EndProjectSection
EndProject
Project("{8BC9CEB8-8B4A-11D0-8D11-00A0C91BC942}") = "deferredshading", "deferredshading.vcxproj", "{FFC7E1E9-77F8-3928-8E29-10ADF401C0DD}"
	ProjectSection(ProjectDependencies) = postProject
		{E7DF3E92-6F6B-3014-B01E-98E1B5F67912} = {E7DF3E92-6F6B-3014-B01E-98E1B5F67912}
		{29F4FD14-9D12-3020-8914-534D3A9B1C6F} = {29F4FD14-9D12-3020-8914-534D3A9B1C6F}
	EndProjectSection
EndProject
Project("{8BC9CEB8-8B4A-11D0-8D11-00A0C91BC942}") = "depthclamp", "depthclamp.vcxproj", "{D11A2C80-AA7C-33C9-8052-EC89E21CDEAA}"
	ProjectSection(ProjectDependencies) = postProject
		{E7DF3E92-6F6B-3014-B01E-98E1B5F67912} = {E7DF3E92-6F6B-3014-B01E-98E1B5F67912}
		{29F4FD14-9D12-3020-8914-534D3A9B1C6F} = {29F4FD14-9D12-3020-8914-534D3A9B1C6F}
	EndProjectSection
EndProject
Project("{8BC9CEB8-8B4A-11D0-8D11-00A0C91BC942}") = "dflandscape", "dflandscape.vcxproj", "{314489B8-0D3B-381D-B263-CA03B1B2BCAA}"
	ProjectSection(ProjectDependencies) = postProject
		{E7DF3E92-6F6B-3014-B01E-98E1B5F67912} = {E7DF3E92-6F6B-3014-B01E-98E1B5F67912}
		{29F4FD14-9D12-3020-8914-534D3A9B1C6F} = {29F4FD14-9D12-3020-8914-534D3A9B1C6F}
	EndProjectSection
EndProject
Project("{8BC9CEB8-8B4A-11D0-8D11-00A0C91BC942}") = "dispmap", "dispmap.vcxproj", "{80B981F2-EA31-3AF2-89E5-02A29747A083}"
	ProjectSection(ProjectDependencies) = postProject
		{E7DF3E92-6F6B-3014-B01E-98E1B5F67912} = {E7DF3E92-6F6B-3014-B01E-98E1B5F67912}
		{29F4FD14-9D12-3020-8914-534D3A9B1C6F} = {29F4FD14-9D12-3020-8914-534D3A9B1C6F}
	EndProjectSection
EndProject
Project("{8BC9CEB8-8B4A-11D0-8D11-00A0C91BC942}") = "dof", "dof.vcxproj", "{7AC439A6-6478-3CF4-9321-ED652CA710EB}"
	ProjectSection(ProjectDependencies) = postProject
		{E7DF3E92-6F6B-3014-B01E-98E1B5F67912} = {E7DF3E92-6F6B-3014-B01E-98E1B5F67912}
		{29F4FD14-9D12-3020-8914-534D3A9B1C6F} = {29F4FD14-9D12-3020-8914-534D3A9B1C6F}
	EndProjectSection
EndProject
Project("{8BC9CEB8-8B4A-11D0-8D11-00A0C91BC942}") = "envmapsphere", "envmapsphere.vcxproj", "{22A8AFA7-F1B9-3AC8-A8B0-E1ED1274ACE1}"
	ProjectSection(ProjectDependencies) = postProject
		{E7DF3E92-6F6B-3014-B01E-98E1B5F67912} = {E7DF3E92-6F6B-3014-B01E-98E1B5F67912}
		{29F4FD14-9D12-3020-8914-534D3A9B1C6F} = {29F4FD14-9D12-3020-8914-534D3A9B1C6F}
	EndProjectSection
EndProject
Project("{8BC9CEB8-8B4A-11D0-8D11-00A0C91BC942}") = "equirectangular", "equirectangular.vcxproj", "{C14A7B8B-2E17-3745-BFC5-160A865D3624}"
	ProjectSection(ProjectDependencies) = postProject
		{E7DF3E92-6F6B-3014-B01E-98E1B5F67912} = {E7DF3E92-6F6B-3014-B01E-98E1B5F67912}
		{29F4FD14-9D12-3020-8914-534D3A9B1C6F} = {29F4FD14-9D12-3020-8914-534D3A9B1C6F}
	EndProjectSection
EndProject
Project("{8BC9CEB8-8B4A-11D0-8D11-00A0C91BC942}") = "fontdemo", "fontdemo.vcxproj", "{C44DF334-B542-39FD-8E41-E030A224E5F6}"
	ProjectSection(ProjectDependencies) = postProject
		{E7DF3E92-6F6B-3014-B01E-98E1B5F67912} = {E7DF3E92-6F6B-3014-B01E-98E1B5F67912}
		{29F4FD14-9D12-3020-8914-534D3A9B1C6F} = {29F4FD14-9D12-3020-8914-534D3A9B1C6F}
	EndProjectSection
EndProject
Project("{8BC9CEB8-8B4A-11D0-8D11-00A0C91BC942}") = "fragcolorfrompos", "fragcolorfrompos.vcxproj", "{36FDB320-D749-3056-B796-70F9C6AC906C}"
	ProjectSection(ProjectDependencies) = postProject
		{E7DF3E92-6F6B-3014-B01E-98E1B5F67912} = {E7DF3E92-6F6B-3014-B01E-98E1B5F67912}
		{29F4FD14-9D12-3020-8914-534D3A9B1C6F} = {29F4FD14-9D12-3020-8914-534D3A9B1C6F}
	EndProjectSection
EndProject
Project("{8BC9CEB8-8B4A-11D0-8D11-00A0C91BC942}") = "fragmentlist", "fragmentlist.vcxproj", "{6C7B8B0B-2F0E-3D0C-A1F5-5BA42FC68D06}"
	ProjectSection(ProjectDependencies) = postProject
		{E7DF3E92-6F6B-3014-B01E-98E1B5F67912} = {E7DF3E92-6F6B-3014-B01E-98E1B5F67912}
		{29F4FD14-9D12-3020-8914-534D3A9B1C6F} = {29F4FD14-9D12-3020-8914-534D3A9B1C6F}
	EndProjectSection
EndProject
Project("{8BC9CEB8-8B4A-11D0-8D11-00A0C91BC942}") = "grass", "grass.vcxproj", "{9CDCE498-F30F-31A4-B1FB-219298821E13}"
	ProjectSection(ProjectDependencies) = postProject
		{E7DF3E92-6F6B-3014-B01E-98E1B5F67912} = {E7DF3E92-6F6B-3014-B01E-98E1B5F67912}
		{29F4FD14-9D12-3020-8914-534D3A9B1C6F} = {29F4FD14-9D12-3020-8914-534D3A9B1C6F}
	EndProjectSection
EndProject
Project("{8BC9CEB8-8B4A-11D0-8D11-00A0C91BC942}") = "gsculling", "gsculling.vcxproj", "{EF11B3B1-6C22-38AA-B809-BDBBA1EC2386}"
	ProjectSection(ProjectDependencies) = postProject
		{E7DF3E92-6F6B-3014-B01E-98E1B5F67912} = {E7DF3E92-6F6B-3014-B01E-98E1B5F67912}
		{29F4FD14-9D12-3020-8914-534D3A9B1C6F} = {29F4FD14-9D12-3020-8914-534D3A9B1C6F}
	EndProjectSection
EndProject
Project("{8BC9CEB8-8B4A-11D0-8D11-00A0C91BC942}") = "gslayered", "gslayered.vcxproj", "{29F6662C-69B5-3F2A-808F-3087B8BFC407}"
	ProjectSection(ProjectDependencies) = postProject
		{E7DF3E92-6F6B-3014-B01E-98E1B5F67912} = {E7DF3E92-6F6B-3014-B01E-98E1B5F67912}
		{29F4FD14-9D12-3020-8914-534D3A9B1C6F} = {29F4FD14-9D12-3020-8914-534D3A9B1C6F}
	EndProjectSection
EndProject
Project("{8BC9CEB8-8B4A-11D0-8D11-00A0C91BC942}") = "gsquads", "gsquads.vcxproj", "{6C9A63F9-1BF7-3C35-875B-A1D7DFF0D269}"
	ProjectSection(ProjectDependencies) = postProject
		{E7DF3E92-6F6B-3014-B01E-98E1B5F67912} = {E7DF3E92-6F6B-3014-B01E-98E1B5F67912}
		{29F4FD14-9D12-3020-8914-534D3A9B1C6F} = {29F4FD14-9D12-3020-8914-534D3A9B1C6F}
	EndProjectSection
EndProject
Project("{8BC9CEB8-8B4A-11D0-8D11-00A0C91BC942}") = "gstessellate", "gstessellate.vcxproj", "{03A81797-CC6F-317E-A3F3-6A1855E84702}"
	ProjectSection(ProjectDependencies) = postProject
		{E7DF3E92-6F6B-3014-B01E-98E1B5F67912} = {E7DF3E92-6F6B-3014-B01E-98E1B5F67912}
		{29F4FD14-9D12-3020-8914-534D3A9B1C6F} = {29F4FD14-9D12-3020-8914-534D3A9B1C6F}
	EndProjectSection
EndProject
Project("{8BC9CEB8-8B4A-11D0-8D11-00A0C91BC942}") = "hdrbloom", "hdrbloom.vcxproj", "{7BDE2619-A084-361C-8C65-3E64B5C1D5FF}"
	ProjectSection(ProjectDependencies) = postProject
		{E7DF3E92-6F6B-3014-B01E-98E1B5F67912} = {E7DF3E92-6F6B-3014-B01E-98E1B5F67912}
		{29F4FD14-9D12-3020-8914-534D3A9B1C6F} = {29F4FD14-9D12-3020-8914-534D3A9B1C6F}
	EndProjectSection
EndProject
Project("{8BC9CEB8-8B4A-11D0-8D11-00A0C91BC942}") = "hdrexposure", "hdrexposure.vcxproj", "{5D9A2B54-1339-388C-8137-ED9FDFBEE80C}"
	ProjectSection(ProjectDependencies) = postProject
		{E7DF3E92-6F6B-3014-B01E-98E1B5F67912} = {E7DF3E92-6F6B-3014-B01E-98E1B5F67912}
		{29F4FD14-9D12-3020-8914-534D3A9B1C6F} = {29F4FD14-9D12-3020-8914-534D3A9B1C6F}
	EndProjectSection
EndProject
Project("{8BC9CEB8-8B4A-11D0-8D11-00A0C91BC942}") = "hdrtonemap", "hdrtonemap.vcxproj", "{0631840B-64F8-395F-AC91-1DF5BB227FED}"
	ProjectSection(ProjectDependencies) = postProject
		{E7DF3E92-6F6B-3014-B01E-98E1B5F67912} = {E7DF3E92-6F6B-3014-B01E-98E1B5F67912}
		{29F4FD14-9D12-3020-8914-534D3A9B1C6F} = {29F4FD14-9D12-3020-8914-534D3A9B1C6F}
	EndProjectSection
EndProject
Project("{8BC9CEB8-8B4A-11D0-8D11-00A0C91BC942}") = "hqfilter", "hqfilter.vcxproj", "{2D715437-E019-34E7-B900-BB3FE18DED3E}"
	ProjectSection(ProjectDependencies) = postProject
		{E7DF3E92-6F6B-3014-B01E-98E1B5F67912} = {E7DF3E92-6F6B-3014-B01E-98E1B5F67912}
		{29F4FD14-9D12-3020-8914-534D3A9B1C6F} = {29F4FD14-9D12-3020-8914-534D3A9B1C6F}
	EndProjectSection
EndProject
Project("{8BC9CEB8-8B4A-11D0-8D11-00A0C91BC942}") = "indexedcube", "indexedcube.vcxproj", "{65E0FF15-980E-34EF-B3D6-0E931A4EB64E}"
	ProjectSection(ProjectDependencies) = postProject
		{E7DF3E92-6F6B-3014-B01E-98E1B5F67912} = {E7DF3E92-6F6B-3014-B01E-98E1B5F67912}
		{29F4FD14-9D12-3020-8914-534D3A9B1C6F} = {29F4FD14-9D12-3020-8914-534D3A9B1C6F}
	EndProjectSection
EndProject
Project("{8BC9CEB8-8B4A-11D0-8D11-00A0C91BC942}") = "indirectmaterial", "indirectmaterial.vcxproj", "{76062B68-CFB9-3BC3-A4EE-EE67E17D3D16}"
	ProjectSection(ProjectDependencies) = postProject
		{E7DF3E92-6F6B-3014-B01E-98E1B5F67912} = {E7DF3E92-6F6B-3014-B01E-98E1B5F67912}
		{29F4FD14-9D12-3020-8914-534D3A9B1C6F} = {29F4FD14-9D12-3020-8914-534D3A9B1C6F}
	EndProjectSection
EndProject
Project("{8BC9CEB8-8B4A-11D0-8D11-00A0C91BC942}") = "instancedattribs", "instancedattribs.vcxproj", "{6C0E9665-8A77-3B59-A7F0-2F1AD914FA98}"
	ProjectSection(ProjectDependencies) = postProject
		{E7DF3E92-6F6B-3014-B01E-98E1B5F67912} = {E7DF3E92-6F6B-3014-B01E-98E1B5F67912}
		{29F4FD14-9D12-3020-8914-534D3A9B1C6F} = {29F4FD14-9D12-3020-8914-534D3A9B1C6F}
	EndProjectSection
EndProject
Project("{8BC9CEB8-8B4A-11D0-8D11-00A0C91BC942}") = "julia", "julia.vcxproj", "{2BF912CE-F4E3-3BF8-BFD9-E2CF994F3527}"
	ProjectSection(ProjectDependencies) = postProject
		{E7DF3E92-6F6B-3014-B01E-98E1B5F67912} = {E7DF3E92-6F6B-3014-B01E-98E1B5F67912}
		{29F4FD14-9D12-3020-8914-534D3A9B1C6F} = {29F4FD14-9D12-3020-8914-534D3A9B1C6F}
	EndProjectSection
EndProject
Project("{8BC9CEB8-8B4A-11D0-8D11-00A0C91BC942}") = "ktxview", "ktxview.vcxproj", "{329B5C03-6A22-3B24-BCAB-2B34221DF1AE}"
	ProjectSection(ProjectDependencies) = postProject
		{E7DF3E92-6F6B-3014-B01E-98E1B5F67912} = {E7DF3E92-6F6B-3014-B01E-98E1B5F67912}
		{29F4FD14-9D12-3020-8914-534D3A9B1C6F} = {29F4FD14-9D12-3020-8914-534D3A9B1C6F}
	EndProjectSection
EndProject
Project("{8BC9CEB8-8B4A-11D0-8D11-00A0C91BC942}") = "linesmooth", "linesmooth.vcxproj", "{BF4329DA-CFFF-3093-AD67-22ABC25D1BEF}"
	ProjectSection(ProjectDependencies) = postProject
		{E7DF3E92-6F6B-3014-B01E-98E1B5F67912} = {E7DF3E92-6F6B-3014-B01E-98E1B5F67912}
		{29F4FD14-9D12-3020-8914-534D3A9B1C6F} = {29F4FD14-9D12-3020-8914-534D3A9B1C6F}
	EndProjectSection
EndProject
Project("{8BC9CEB8-8B4A-11D0-8D11-00A0C91BC942}") = "mirrorclampedge", "mirrorclampedge.vcxproj", "{05A9E0B9-C7D4-36CE-9F98-2D54BA68944A}"
	ProjectSection(ProjectDependencies) = postProject
		{E7DF3E92-6F6B-3014-B01E-98E1B5F67912} = {E7DF3E92-6F6B-3014-B01E-98E1B5F67912}
		{29F4FD14-9D12-3020-8914-534D3A9B1C6F} = {29F4FD14-9D12-3020-8914-534D3A9B1C6F}
	EndProjectSection
EndProject
Project("{8BC9CEB8-8B4A-11D0-8D11-00A0C91BC942}") = "movingtri", "movingtri.vcxproj", "{A427FB53-1B97-3165-9A99-AC1E86630AE7}"
	ProjectSection(ProjectDependencies) = postProject
		{E7DF3E92-6F6B-3014-B01E-98E1B5F67912} = {E7DF3E92-6F6B-3014-B01E-98E1B5F67912}
		{29F4FD14-9D12-3020-8914-534D3A9B1C6F} = {29F4FD14-9D12-3020-8914-534D3A9B1C6F}
	EndProjectSection
EndProject
Project("{8BC9CEB8-8B4A-11D0-8D11-00A0C91BC942}") = "msaanative", "msaanative.vcxproj", "{A6A7F982-14FB-3BE8-9FC7-8B6F1D71CADD}"
	ProjectSection(ProjectDependencies) = postProject
		{E7DF3E92-6F6B-3014-B01E-98E1B5F67912} = {E7DF3E92-6F6B-3014-B01E-98E1B5F67912}
		{29F4FD14-9D12-3020-8914-534D3A9B1C6F} = {29F4FD14-9D12-3020-8914-534D3A9B1C6F}
	EndProjectSection
EndProject
Project("{8BC9CEB8-8B4A-11D0-8D11-00A0C91BC942}") = "multidrawindirect", "multidrawindirect.vcxproj", "{2897627F-6FD6-3FB7-8E65-527168218089}"
	ProjectSection(ProjectDependencies) = postProject
		{E7DF3E92-6F6B-3014-B01E-98E1B5F67912} = {E7DF3E92-6F6B-3014-B01E-98E1B5F67912}
		{29F4FD14-9D12-3020-8914-534D3A9B1C6F} = {29F4FD14-9D12-3020-8914-534D3A9B1C6F}
	EndProjectSection
EndProject
Project("{8BC9CEB8-8B4A-11D0-8D11-00A0C91BC942}") = "multiscissor", "multiscissor.vcxproj", "{01B061AB-B082-3FB6-AE00-1D26B1C3D879}"
	ProjectSection(ProjectDependencies) = postProject
		{E7DF3E92-6F6B-3014-B01E-98E1B5F67912} = {E7DF3E92-6F6B-3014-B01E-98E1B5F67912}
		{29F4FD14-9D12-3020-8914-534D3A9B1C6F} = {29F4FD14-9D12-3020-8914-534D3A9B1C6F}
	EndProjectSection
EndProject
Project("{8BC9CEB8-8B4A-11D0-8D11-00A0C91BC942}") = "multiviewport", "multiviewport.vcxproj", "{1A882186-DC1E-3E3A-A271-3495033B5E0C}"
	ProjectSection(ProjectDependencies) = postProject
		{E7DF3E92-6F6B-3014-B01E-98E1B5F67912} = {E7DF3E92-6F6B-3014-B01E-98E1B5F67912}
		{29F4FD14-9D12-3020-8914-534D3A9B1C6F} = {29F4FD14-9D12-3020-8914-534D3A9B1C6F}
	EndProjectSection
EndProject
Project("{8BC9CEB8-8B4A-11D0-8D11-00A0C91BC942}") = "noperspective", "noperspective.vcxproj", "{D6F8E153-675E-3D5A-B722-46F81F492D22}"
	ProjectSection(ProjectDependencies) = postProject
		{E7DF3E92-6F6B-3014-B01E-98E1B5F67912} = {E7DF3E92-6F6B-3014-B01E-98E1B5F67912}
		{29F4FD14-9D12-3020-8914-534D3A9B1C6F} = {29F4FD14-9D12-3020-8914-534D3A9B1C6F}
	EndProjectSection
EndProject
Project("{8BC9CEB8-8B4A-11D0-8D11-00A0C91BC942}") = "normalviewer", "normalviewer.vcxproj", "{DDA2A23F-218E-3C19-8D1D-F4B8CE5DDEBD}"
	ProjectSection(ProjectDependencies) = postProject
		{E7DF3E92-6F6B-3014-B01E-98E1B5F67912} = {E7DF3E92-6F6B-3014-B01E-98E1B5F67912}
		{29F4FD14-9D12-3020-8914-534D3A9B1C6F} = {29F4FD14-9D12-3020-8914-534D3A9B1C6F}
	EndProjectSection
EndProject
Project("{8BC9CEB8-8B4A-11D0-8D11-00A0C91BC942}") = "objectexploder", "objectexploder.vcxproj", "{766FD640-8B07-3719-94C8-AA0D4E8F820E}"
	ProjectSection(ProjectDependencies) = postProject
		{E7DF3E92-6F6B-3014-B01E-98E1B5F67912} = {E7DF3E92-6F6B-3014-B01E-98E1B5F67912}
		{29F4FD14-9D12-3020-8914-534D3A9B1C6F} = {29F4FD14-9D12-3020-8914-534D3A9B1C6F}
	EndProjectSection
EndProject
Project("{8BC9CEB8-8B4A-11D0-8D11-00A0C91BC942}") = "ompparticles", "ompparticles.vcxproj", "{224CD674-1C5D-3050-8F0A-35DB21FE87BA}"
	ProjectSection(ProjectDependencies) = postProject
		{E7DF3E92-6F6B-3014-B01E-98E1B5F67912} = {E7DF3E92-6F6B-3014-B01E-98E1B5F67912}
		{29F4FD14-9D12-3020-8914-534D3A9B1C6F} = {29F4FD14-9D12-3020-8914-534D3A9B1C6F}
	EndProjectSection
EndProject
Project("{8BC9CEB8-8B4A-11D0-8D11-00A0C91BC942}") = "packetbuffer", "packetbuffer.vcxproj", "{86DE80E9-3D69-3198-B647-51A1122A60C3}"
	ProjectSection(ProjectDependencies) = postProject
		{E7DF3E92-6F6B-3014-B01E-98E1B5F67912} = {E7DF3E92-6F6B-3014-B01E-98E1B5F67912}
		{29F4FD14-9D12-3020-8914-534D3A9B1C6F} = {29F4FD14-9D12-3020-8914-534D3A9B1C6F}
	EndProjectSection
EndProject
Project("{8BC9CEB8-8B4A-11D0-8D11-00A0C91BC942}") = "perpixelgloss", "perpixelgloss.vcxproj", "{CE078617-F041-35BC-BF83-D11B9EBAA87B}"
	ProjectSection(ProjectDependencies) = postProject
		{E7DF3E92-6F6B-3014-B01E-98E1B5F67912} = {E7DF3E92-6F6B-3014-B01E-98E1B5F67912}
		{29F4FD14-9D12-3020-8914-534D3A9B1C6F} = {29F4FD14-9D12-3020-8914-534D3A9B1C6F}
	EndProjectSection
EndProject
Project("{8BC9CEB8-8B4A-11D0-8D11-00A0C91BC942}") = "phonglighting", "phonglighting.vcxproj", "{76A1D16D-17E6-39F7-9B73-9CB0A15A898A}"
	ProjectSection(ProjectDependencies) = postProject
		{E7DF3E92-6F6B-3014-B01E-98E1B5F67912} = {E7DF3E92-6F6B-3014-B01E-98E1B5F67912}
		{29F4FD14-9D12-3020-8914-534D3A9B1C6F} = {29F4FD14-9D12-3020-8914-534D3A9B1C6F}
	EndProjectSection
EndProject
Project("{8BC9CEB8-8B4A-11D0-8D11-00A0C91BC942}") = "pmbfractal", "pmbfractal.vcxproj", "{28C74DCF-02A1-3A17-A5B6-4D3FC95D8DD0}"
	ProjectSection(ProjectDependencies) = postProject
		{E7DF3E92-6F6B-3014-B01E-98E1B5F67912} = {E7DF3E92-6F6B-3014-B01E-98E1B5F67912}
		{29F4FD14-9D12-3020-8914-534D3A9B1C6F} = {29F4FD14-9D12-3020-8914-534D3A9B1C6F}
	EndProjectSection
EndProject
Project("{8BC9CEB8-8B4A-11D0-8D11-00A0C91BC942}") = "pmbstreaming", "pmbstreaming.vcxproj", "{73BE149E-377F-319A-83B5-318EF52BF639}"
	ProjectSection(ProjectDependencies) = postProject
		{E7DF3E92-6F6B-3014-B01E-98E1B5F67912} = {E7DF3E92-6F6B-3014-B01E-98E1B5F67912}
		{29F4FD14-9D12-3020-8914-534D3A9B1C6F} = {29F4FD14-9D12-3020-8914-534D3A9B1C6F}
	EndProjectSection
EndProject
Project("{8BC9CEB8-8B4A-11D0-8D11-00A0C91BC942}") = "polygonsmooth", "polygonsmooth.vcxproj", "{EFF13FE6-B827-35BD-9A4E-11B6CCF445A7}"
	ProjectSection(ProjectDependencies) = postProject
		{E7DF3E92-6F6B-3014-B01E-98E1B5F67912} = {E7DF3E92-6F6B-3014-B01E-98E1B5F67912}
		{29F4FD14-9D12-3020-8914-534D3A9B1C6F} = {29F4FD14-9D12-3020-8914-534D3A9B1C6F}
	EndProjectSection
EndProject
Project("{8BC9CEB8-8B4A-11D0-8D11-00A0C91BC942}") = "prefixsum", "prefixsum.vcxproj", "{407C1B7C-312A-3A24-8E2D-C01EDBD5474B}"
	ProjectSection(ProjectDependencies) = postProject
		{E7DF3E92-6F6B-3014-B01E-98E1B5F67912} = {E7DF3E92-6F6B-3014-B01E-98E1B5F67912}
		{29F4FD14-9D12-3020-8914-534D3A9B1C6F} = {29F4FD14-9D12-3020-8914-534D3A9B1C6F}
	EndProjectSection
EndProject
Project("{8BC9CEB8-8B4A-11D0-8D11-00A0C91BC942}") = "prefixsum2d", "prefixsum2d.vcxproj", "{3F279B74-2DC0-3771-BF82-3D93A83F77D7}"
	ProjectSection(ProjectDependencies) = postProject
		{E7DF3E92-6F6B-3014-B01E-98E1B5F67912} = {E7DF3E92-6F6B-3014-B01E-98E1B5F67912}
		{29F4FD14-9D12-3020-8914-534D3A9B1C6F} = {29F4FD14-9D12-3020-8914-534D3A9B1C6F}
	EndProjectSection
EndProject
Project("{8BC9CEB8-8B4A-11D0-8D11-00A0C91BC942}") = "programinfo", "programinfo.vcxproj", "{6E84136B-7CF8-3ED2-8C77-0E84A127F739}"
	ProjectSection(ProjectDependencies) = postProject
		{E7DF3E92-6F6B-3014-B01E-98E1B5F67912} = {E7DF3E92-6F6B-3014-B01E-98E1B5F67912}
		{29F4FD14-9D12-3020-8914-534D3A9B1C6F} = {29F4FD14-9D12-3020-8914-534D3A9B1C6F}
	EndProjectSection
EndProject
Project("{8BC9CEB8-8B4A-11D0-8D11-00A0C91BC942}") = "raytracer", "raytracer.vcxproj", "{425BFC28-73FB-35C8-8823-B8A987F5C13F}"
	ProjectSection(ProjectDependencies) = postProject
		{E7DF3E92-6F6B-3014-B01E-98E1B5F67912} = {E7DF3E92-6F6B-3014-B01E-98E1B5F67912}
		{29F4FD14-9D12-3020-8914-534D3A9B1C6F} = {29F4FD14-9D12-3020-8914-534D3A9B1C6F}
	EndProjectSection
EndProject
Project("{8BC9CEB8-8B4A-11D0-8D11-00A0C91BC942}") = "release", "release.vcxproj", "{F0D31BFC-7B22-3ACA-9E6C-28C1565CA466}"
	ProjectSection(ProjectDependencies) = postProject
		{E7DF3E92-6F6B-3014-B01E-98E1B5F67912} = {E7DF3E92-6F6B-3014-B01E-98E1B5F67912}
	EndProjectSection
EndProject
Project("{8BC9CEB8-8B4A-11D0-8D11-00A0C91BC942}") = "rimlight", "rimlight.vcxproj", "{223CEBE0-B8F9-3ABF-8E49-003E61B863EC}"
	ProjectSection(ProjectDependencies) = postProject
		{E7DF3E92-6F6B-3014-B01E-98E1B5F67912} = {E7DF3E92-6F6B-3014-B01E-98E1B5F67912}
		{29F4FD14-9D12-3020-8914-534D3A9B1C6F} = {29F4FD14-9D12-3020-8914-534D3A9B1C6F}
	EndProjectSection
EndProject
Project("{8BC9CEB8-8B4A-11D0-8D11-00A0C91BC942}") = "sampleshading", "sampleshading.vcxproj", "{58D1D247-4552-301B-8C4D-61203B9FE72B}"
	ProjectSection(ProjectDependencies) = postProject
		{E7DF3E92-6F6B-3014-B01E-98E1B5F67912} = {E7DF3E92-6F6B-3014-B01E-98E1B5F67912}
		{29F4FD14-9D12-3020-8914-534D3A9B1C6F} = {29F4FD14-9D12-3020-8914-534D3A9B1C6F}
	EndProjectSection
EndProject
Project("{8BC9CEB8-8B4A-11D0-8D11-00A0C91BC942}") = "sb7", "sb7.vcxproj", "{29F4FD14-9D12-3020-8914-534D3A9B1C6F}"
	ProjectSection(ProjectDependencies) = postProject
		{E7DF3E92-6F6B-3014-B01E-98E1B5F67912} = {E7DF3E92-6F6B-3014-B01E-98E1B5F67912}
	EndProjectSection
EndProject
Project("{8BC9CEB8-8B4A-11D0-8D11-00A0C91BC942}") = "sdfdemo", "sdfdemo.vcxproj", "{D512BAAE-1AB3-3310-B456-7E27BAD6F4FA}"
	ProjectSection(ProjectDependencies) = postProject
		{E7DF3E92-6F6B-3014-B01E-98E1B5F67912} = {E7DF3E92-6F6B-3014-B01E-98E1B5F67912}
		{29F4FD14-9D12-3020-8914-534D3A9B1C6F} = {29F4FD14-9D12-3020-8914-534D3A9B1C6F}
	EndProjectSection
EndProject
Project("{8BC9CEB8-8B4A-11D0-8D11-00A0C91BC942}") = "shadowmapping", "shadowmapping.vcxproj", "{E528600B-BF31-330D-9413-53B8D49C2688}"
	ProjectSection(ProjectDependencies) = postProject
		{E7DF3E92-6F6B-3014-B01E-98E1B5F67912} = {E7DF3E92-6F6B-3014-B01E-98E1B5F67912}
		{29F4FD14-9D12-3020-8914-534D3A9B1C6F} = {29F4FD14-9D12-3020-8914-534D3A9B1C6F}
	EndProjectSection
EndProject
Project("{8BC9CEB8-8B4A-11D0-8D11-00A0C91BC942}") = "shapedpoints", "shapedpoints.vcxproj", "{4CF36B9B-7ECC-3106-AB84-A1815863D238}"
	ProjectSection(ProjectDependencies) = postProject
		{E7DF3E92-6F6B-3014-B01E-98E1B5F67912} = {E7DF3E92-6F6B-3014-B01E-98E1B5F67912}
		{29F4FD14-9D12-3020-8914-534D3A9B1C6F} = {29F4FD14-9D12-3020-8914-534D3A9B1C6F}
	EndProjectSection
EndProject
Project("{8BC9CEB8-8B4A-11D0-8D11-00A0C91BC942}") = "simpleclear", "simpleclear.vcxproj", "{9540123C-B545-3465-9F2E-98C16B44288E}"
	ProjectSection(ProjectDependencies) = postProject
		{E7DF3E92-6F6B-3014-B01E-98E1B5F67912} = {E7DF3E92-6F6B-3014-B01E-98E1B5F67912}
		{29F4FD14-9D12-3020-8914-534D3A9B1C6F} = {29F4FD14-9D12-3020-8914-534D3A9B1C6F}
	EndProjectSection
EndProject
Project("{8BC9CEB8-8B4A-11D0-8D11-00A0C91BC942}") = "simpletexcoords", "simpletexcoords.vcxproj", "{94DAB4B1-305C-3DAD-8346-D5066A916700}"
	ProjectSection(ProjectDependencies) = postProject
		{E7DF3E92-6F6B-3014-B01E-98E1B5F67912} = {E7DF3E92-6F6B-3014-B01E-98E1B5F67912}
		{29F4FD14-9D12-3020-8914-534D3A9B1C6F} = {29F4FD14-9D12-3020-8914-534D3A9B1C6F}
	EndProjectSection
EndProject
Project("{8BC9CEB8-8B4A-11D0-8D11-00A0C91BC942}") = "simpletexture", "simpletexture.vcxproj", "{71A7CF90-DCEC-33C7-982A-01682595C769}"
	ProjectSection(ProjectDependencies) = postProject
		{E7DF3E92-6F6B-3014-B01E-98E1B5F67912} = {E7DF3E92-6F6B-3014-B01E-98E1B5F67912}
		{29F4FD14-9D12-3020-8914-534D3A9B1C6F} = {29F4FD14-9D12-3020-8914-534D3A9B1C6F}
	EndProjectSection
EndProject
Project("{8BC9CEB8-8B4A-11D0-8D11-00A0C91BC942}") = "singlepoint", "singlepoint.vcxproj", "{03996BB5-D2ED-395F-A180-E3526F322ECF}"
	ProjectSection(ProjectDependencies) = postProject
		{E7DF3E92-6F6B-3014-B01E-98E1B5F67912} = {E7DF3E92-6F6B-3014-B01E-98E1B5F67912}
		{29F4FD14-9D12-3020-8914-534D3A9B1C6F} = {29F4FD14-9D12-3020-8914-534D3A9B1C6F}
	EndProjectSection
EndProject
Project("{8BC9CEB8-8B4A-11D0-8D11-00A0C91BC942}") = "singletri", "singletri.vcxproj", "{09E4FE7C-B8C9-3A23-AED6-B651BD5A8BF6}"
	ProjectSection(ProjectDependencies) = postProject
		{E7DF3E92-6F6B-3014-B01E-98E1B5F67912} = {E7DF3E92-6F6B-3014-B01E-98E1B5F67912}
		{29F4FD14-9D12-3020-8914-534D3A9B1C6F} = {29F4FD14-9D12-3020-8914-534D3A9B1C6F}
	EndProjectSection
EndProject
Project("{8BC9CEB8-8B4A-11D0-8D11-00A0C91BC942}") = "sparsetexture", "sparsetexture.vcxproj", "{1BA28C3A-4172-3B0E-8B8C-DACB752FECEE}"
	ProjectSection(ProjectDependencies) = postProject
		{E7DF3E92-6F6B-3014-B01E-98E1B5F67912} = {E7DF3E92-6F6B-3014-B01E-98E1B5F67912}
		{29F4FD14-9D12-3020-8914-534D3A9B1C6F} = {29F4FD14-9D12-3020-8914-534D3A9B1C6F}
	EndProjectSection
EndProject
Project("{8BC9CEB8-8B4A-11D0-8D11-00A0C91BC942}") = "spinnycube", "spinnycube.vcxproj", "{16BF6718-6994-31E7-809F-AAF3813C5FB4}"
	ProjectSection(ProjectDependencies) = postProject
		{E7DF3E92-6F6B-3014-B01E-98E1B5F67912} = {E7DF3E92-6F6B-3014-B01E-98E1B5F67912}
		{29F4FD14-9D12-3020-8914-534D3A9B1C6F} = {29F4FD14-9D12-3020-8914-534D3A9B1C6F}
	EndProjectSection
EndProject
Project("{8BC9CEB8-8B4A-11D0-8D11-00A0C91BC942}") = "springmass", "springmass.vcxproj", "{7B591852-9A14-3D53-BFA9-AD313E4F3A07}"
	ProjectSection(ProjectDependencies) = postProject
		{E7DF3E92-6F6B-3014-B01E-98E1B5F67912} = {E7DF3E92-6F6B-3014-B01E-98E1B5F67912}
		{29F4FD14-9D12-3020-8914-534D3A9B1C6F} = {29F4FD14-9D12-3020-8914-534D3A9B1C6F}
	EndProjectSection
EndProject
Project("{8BC9CEB8-8B4A-11D0-8D11-00A0C91BC942}") = "ssao", "ssao.vcxproj", "{AAF6F3A1-9C2E-3944-B4F1-9D736B0A1B8D}"
	ProjectSection(ProjectDependencies) = postProject
		{E7DF3E92-6F6B-3014-B01E-98E1B5F67912} = {E7DF3E92-6F6B-3014-B01E-98E1B5F67912}
		{29F4FD14-9D12-3020-8914-534D3A9B1C6F} = {29F4FD14-9D12-3020-8914-534D3A9B1C6F}
	EndProjectSection
EndProject
Project("{8BC9CEB8-8B4A-11D0-8D11-00A0C91BC942}") = "starfield", "starfield.vcxproj", "{9C7F8E4D-E897-3F1E-9370-74C95F43361F}"
	ProjectSection(ProjectDependencies) = postProject
		{E7DF3E92-6F6B-3014-B01E-98E1B5F67912} = {E7DF3E92-6F6B-3014-B01E-98E1B5F67912}
		{29F4FD14-9D12-3020-8914-534D3A9B1C6F} = {29F4FD14-9D12-3020-8914-534D3A9B1C6F}
	EndProjectSection
EndProject
Project("{8BC9CEB8-8B4A-11D0-8D11-00A0C91BC942}") = "stereo", "stereo.vcxproj", "{78B2DF8B-DCBE-3903-BE33-47DED9311CF2}"
	ProjectSection(ProjectDependencies) = postProject
		{E7DF3E92-6F6B-3014-B01E-98E1B5F67912} = {E7DF3E92-6F6B-3014-B01E-98E1B5F67912}
		{29F4FD14-9D12-3020-8914-534D3A9B1C6F} = {29F4FD14-9D12-3020-8914-534D3A9B1C6F}
	EndProjectSection
EndProject
Project("{8BC9CEB8-8B4A-11D0-8D11-00A0C91BC942}") = "subroutines", "subroutines.vcxproj", "{1AB77EF7-D203-360C-B6B3-509F84F8E686}"
	ProjectSection(ProjectDependencies) = postProject
		{E7DF3E92-6F6B-3014-B01E-98E1B5F67912} = {E7DF3E92-6F6B-3014-B01E-98E1B5F67912}
		{29F4FD14-9D12-3020-8914-534D3A9B1C6F} = {29F4FD14-9D12-3020-8914-534D3A9B1C6F}
	EndProjectSection
EndProject
Project("{8BC9CEB8-8B4A-11D0-8D11-00A0C91BC942}") = "tessellatedcube", "tessellatedcube.vcxproj", "{98C17921-4176-3C0F-BC53-F5D85FCE1F46}"
	ProjectSection(ProjectDependencies) = postProject
		{E7DF3E92-6F6B-3014-B01E-98E1B5F67912} = {E7DF3E92-6F6B-3014-B01E-98E1B5F67912}
		{29F4FD14-9D12-3020-8914-534D3A9B1C6F} = {29F4FD14-9D12-3020-8914-534D3A9B1C6F}
	EndProjectSection
EndProject
Project("{8BC9CEB8-8B4A-11D0-8D11-00A0C91BC942}") = "tessellatedgstri", "tessellatedgstri.vcxproj", "{F5397CB0-1C63-39DF-96EB-A631E7905D31}"
	ProjectSection(ProjectDependencies) = postProject
		{E7DF3E92-6F6B-3014-B01E-98E1B5F67912} = {E7DF3E92-6F6B-3014-B01E-98E1B5F67912}
		{29F4FD14-9D12-3020-8914-534D3A9B1C6F} = {29F4FD14-9D12-3020-8914-534D3A9B1C6F}
	EndProjectSection
EndProject
Project("{8BC9CEB8-8B4A-11D0-8D11-00A0C91BC942}") = "tessellatedtri", "tessellatedtri.vcxproj", "{A9A84FF9-534E-3DA1-8DF7-275D1F5398CC}"
	ProjectSection(ProjectDependencies) = postProject
		{E7DF3E92-6F6B-3014-B01E-98E1B5F67912} = {E7DF3E92-6F6B-3014-B01E-98E1B5F67912}
		{29F4FD14-9D12-3020-8914-534D3A9B1C6F} = {29F4FD14-9D12-3020-8914-534D3A9B1C6F}
	EndProjectSection
EndProject
Project("{8BC9CEB8-8B4A-11D0-8D11-00A0C91BC942}") = "tessmodes", "tessmodes.vcxproj", "{91F1649E-7725-3887-A8E4-E6B2DC8406D5}"
	ProjectSection(ProjectDependencies) = postProject
		{E7DF3E92-6F6B-3014-B01E-98E1B5F67912} = {E7DF3E92-6F6B-3014-B01E-98E1B5F67912}
		{29F4FD14-9D12-3020-8914-534D3A9B1C6F} = {29F4FD14-9D12-3020-8914-534D3A9B1C6F}
	EndProjectSection
EndProject
Project("{8BC9CEB8-8B4A-11D0-8D11-00A0C91BC942}") = "tesssubdivmodes", "tesssubdivmodes.vcxproj", "{36B9621D-C0A5-3746-AAF3-D13C658B14F5}"
	ProjectSection(ProjectDependencies) = postProject
		{E7DF3E92-6F6B-3014-B01E-98E1B5F67912} = {E7DF3E92-6F6B-3014-B01E-98E1B5F67912}
		{29F4FD14-9D12-3020-8914-534D3A9B1C6F} = {29F4FD14-9D12-3020-8914-534D3A9B1C6F}
	EndProjectSection
EndProject
Project("{8BC9CEB8-8B4A-11D0-8D11-00A0C91BC942}") = "toonshading", "toonshading.vcxproj", "{8F7DC6F6-9E4F-3067-BF9B-4251E71D3939}"
	ProjectSection(ProjectDependencies) = postProject
		{E7DF3E92-6F6B-3014-B01E-98E1B5F67912} = {E7DF3E92-6F6B-3014-B01E-98E1B5F67912}
		{29F4FD14-9D12-3020-8914-534D3A9B1C6F} = {29F4FD14-9D12-3020-8914-534D3A9B1C6F}
	EndProjectSection
EndProject
Project("{8BC9CEB8-8B4A-11D0-8D11-00A0C91BC942}") = "tunnel", "tunnel.vcxproj", "{F1F2A75F-6F33-34E3-86C1-02CC3A2B7FCA}"
	ProjectSection(ProjectDependencies) = postProject
		{E7DF3E92-6F6B-3014-B01E-98E1B5F67912} = {E7DF3E92-6F6B-3014-B01E-98E1B5F67912}
		{29F4FD14-9D12-3020-8914-534D3A9B1C6F} = {29F4FD14-9D12-3020-8914-534D3A9B1C6F}
	EndProjectSection
EndProject
Project("{8BC9CEB8-8B4A-11D0-8D11-00A0C91BC942}") = "wrapmodes", "wrapmodes.vcxproj", "{41618869-D4F4-3DDB-993F-928B9E708EBE}"
	ProjectSection(ProjectDependencies) = postProject
		{E7DF3E92-6F6B-3014-B01E-98E1B5F67912} = {E7DF3E92-6F6B-3014-B01E-98E1B5F67912}
		{29F4FD14-9D12-3020-8914-534D3A9B1C6F} = {29F4FD14-9D12-3020-8914-534D3A9B1C6F}
	EndProjectSection
EndProject
Project("{8BC9CEB8-8B4A-11D0-8D11-00A0C91BC942}") = "cubemapenv_Ext", "cubemapenv_Ext.vcxproj", "{8A87FCC4-16DB-4319-A273-0D1A162CFA61}"
EndProject
Global
	GlobalSection(SolutionConfigurationPlatforms) = preSolution
		Debug|Win32 = Debug|Win32
		MinSizeRel|Win32 = MinSizeRel|Win32
		Release|Win32 = Release|Win32
		RelWithDebInfo|Win32 = RelWithDebInfo|Win32
	EndGlobalSection
	GlobalSection(ProjectConfigurationPlatforms) = postSolution
		{B26973CB-4869-3D4F-96BB-0AF4554BE0BC}.Debug|Win32.ActiveCfg = Debug|Win32
		{B26973CB-4869-3D4F-96BB-0AF4554BE0BC}.MinSizeRel|Win32.ActiveCfg = MinSizeRel|Win32
		{B26973CB-4869-3D4F-96BB-0AF4554BE0BC}.Release|Win32.ActiveCfg = Release|Win32
		{B26973CB-4869-3D4F-96BB-0AF4554BE0BC}.RelWithDebInfo|Win32.ActiveCfg = RelWithDebInfo|Win32
		{E7DF3E92-6F6B-3014-B01E-98E1B5F67912}.Debug|Win32.ActiveCfg = Debug|Win32
		{E7DF3E92-6F6B-3014-B01E-98E1B5F67912}.Debug|Win32.Build.0 = Debug|Win32
		{E7DF3E92-6F6B-3014-B01E-98E1B5F67912}.MinSizeRel|Win32.ActiveCfg = MinSizeRel|Win32
		{E7DF3E92-6F6B-3014-B01E-98E1B5F67912}.MinSizeRel|Win32.Build.0 = MinSizeRel|Win32
		{E7DF3E92-6F6B-3014-B01E-98E1B5F67912}.Release|Win32.ActiveCfg = Release|Win32
		{E7DF3E92-6F6B-3014-B01E-98E1B5F67912}.Release|Win32.Build.0 = Release|Win32
		{E7DF3E92-6F6B-3014-B01E-98E1B5F67912}.RelWithDebInfo|Win32.ActiveCfg = RelWithDebInfo|Win32
		{E7DF3E92-6F6B-3014-B01E-98E1B5F67912}.RelWithDebInfo|Win32.Build.0 = RelWithDebInfo|Win32
		{FB7026B2-33DE-3EE5-BAC0-6F0B9647F810}.Debug|Win32.ActiveCfg = Debug|Win32
		{FB7026B2-33DE-3EE5-BAC0-6F0B9647F810}.Debug|Win32.Build.0 = Debug|Win32
		{FB7026B2-33DE-3EE5-BAC0-6F0B9647F810}.MinSizeRel|Win32.ActiveCfg = MinSizeRel|Win32
		{FB7026B2-33DE-3EE5-BAC0-6F0B9647F810}.MinSizeRel|Win32.Build.0 = MinSizeRel|Win32
		{FB7026B2-33DE-3EE5-BAC0-6F0B9647F810}.Release|Win32.ActiveCfg = Release|Win32
		{FB7026B2-33DE-3EE5-BAC0-6F0B9647F810}.Release|Win32.Build.0 = Release|Win32
		{FB7026B2-33DE-3EE5-BAC0-6F0B9647F810}.RelWithDebInfo|Win32.ActiveCfg = RelWithDebInfo|Win32
		{FB7026B2-33DE-3EE5-BAC0-6F0B9647F810}.RelWithDebInfo|Win32.Build.0 = RelWithDebInfo|Win32
		{ADCA8E54-3FD1-3D1D-83ED-654D43244331}.Debug|Win32.ActiveCfg = Debug|Win32
		{ADCA8E54-3FD1-3D1D-83ED-654D43244331}.Debug|Win32.Build.0 = Debug|Win32
		{ADCA8E54-3FD1-3D1D-83ED-654D43244331}.MinSizeRel|Win32.ActiveCfg = MinSizeRel|Win32
		{ADCA8E54-3FD1-3D1D-83ED-654D43244331}.MinSizeRel|Win32.Build.0 = MinSizeRel|Win32
		{ADCA8E54-3FD1-3D1D-83ED-654D43244331}.Release|Win32.ActiveCfg = Release|Win32
		{ADCA8E54-3FD1-3D1D-83ED-654D43244331}.Release|Win32.Build.0 = Release|Win32
		{ADCA8E54-3FD1-3D1D-83ED-654D43244331}.RelWithDebInfo|Win32.ActiveCfg = RelWithDebInfo|Win32
		{ADCA8E54-3FD1-3D1D-83ED-654D43244331}.RelWithDebInfo|Win32.Build.0 = RelWithDebInfo|Win32
		{EC0899EE-5BD5-3111-B77F-4E0D7748B167}.Debug|Win32.ActiveCfg = Debug|Win32
		{EC0899EE-5BD5-3111-B77F-4E0D7748B167}.Debug|Win32.Build.0 = Debug|Win32
		{EC0899EE-5BD5-3111-B77F-4E0D7748B167}.MinSizeRel|Win32.ActiveCfg = MinSizeRel|Win32
		{EC0899EE-5BD5-3111-B77F-4E0D7748B167}.MinSizeRel|Win32.Build.0 = MinSizeRel|Win32
		{EC0899EE-5BD5-3111-B77F-4E0D7748B167}.Release|Win32.ActiveCfg = Release|Win32
		{EC0899EE-5BD5-3111-B77F-4E0D7748B167}.Release|Win32.Build.0 = Release|Win32
		{EC0899EE-5BD5-3111-B77F-4E0D7748B167}.RelWithDebInfo|Win32.ActiveCfg = RelWithDebInfo|Win32
		{EC0899EE-5BD5-3111-B77F-4E0D7748B167}.RelWithDebInfo|Win32.Build.0 = RelWithDebInfo|Win32
		{4A48D351-E658-3287-8779-B292C43AE788}.Debug|Win32.ActiveCfg = Debug|Win32
		{4A48D351-E658-3287-8779-B292C43AE788}.Debug|Win32.Build.0 = Debug|Win32
		{4A48D351-E658-3287-8779-B292C43AE788}.MinSizeRel|Win32.ActiveCfg = MinSizeRel|Win32
		{4A48D351-E658-3287-8779-B292C43AE788}.MinSizeRel|Win32.Build.0 = MinSizeRel|Win32
		{4A48D351-E658-3287-8779-B292C43AE788}.Release|Win32.ActiveCfg = Release|Win32
		{4A48D351-E658-3287-8779-B292C43AE788}.Release|Win32.Build.0 = Release|Win32
		{4A48D351-E658-3287-8779-B292C43AE788}.RelWithDebInfo|Win32.ActiveCfg = RelWithDebInfo|Win32
		{4A48D351-E658-3287-8779-B292C43AE788}.RelWithDebInfo|Win32.Build.0 = RelWithDebInfo|Win32
		{453EB403-E877-3A33-AAB9-999539375672}.Debug|Win32.ActiveCfg = Debug|Win32
		{453EB403-E877-3A33-AAB9-999539375672}.Debug|Win32.Build.0 = Debug|Win32
		{453EB403-E877-3A33-AAB9-999539375672}.MinSizeRel|Win32.ActiveCfg = MinSizeRel|Win32
		{453EB403-E877-3A33-AAB9-999539375672}.MinSizeRel|Win32.Build.0 = MinSizeRel|Win32
		{453EB403-E877-3A33-AAB9-999539375672}.Release|Win32.ActiveCfg = Release|Win32
		{453EB403-E877-3A33-AAB9-999539375672}.Release|Win32.Build.0 = Release|Win32
		{453EB403-E877-3A33-AAB9-999539375672}.RelWithDebInfo|Win32.ActiveCfg = RelWithDebInfo|Win32
		{453EB403-E877-3A33-AAB9-999539375672}.RelWithDebInfo|Win32.Build.0 = RelWithDebInfo|Win32
		{771DCD80-9EFB-3B7D-BFC1-E11FB964CE4A}.Debug|Win32.ActiveCfg = Debug|Win32
		{771DCD80-9EFB-3B7D-BFC1-E11FB964CE4A}.Debug|Win32.Build.0 = Debug|Win32
		{771DCD80-9EFB-3B7D-BFC1-E11FB964CE4A}.MinSizeRel|Win32.ActiveCfg = MinSizeRel|Win32
		{771DCD80-9EFB-3B7D-BFC1-E11FB964CE4A}.MinSizeRel|Win32.Build.0 = MinSizeRel|Win32
		{771DCD80-9EFB-3B7D-BFC1-E11FB964CE4A}.Release|Win32.ActiveCfg = Release|Win32
		{771DCD80-9EFB-3B7D-BFC1-E11FB964CE4A}.Release|Win32.Build.0 = Release|Win32
		{771DCD80-9EFB-3B7D-BFC1-E11FB964CE4A}.RelWithDebInfo|Win32.ActiveCfg = RelWithDebInfo|Win32
		{771DCD80-9EFB-3B7D-BFC1-E11FB964CE4A}.RelWithDebInfo|Win32.Build.0 = RelWithDebInfo|Win32
		{3DDE3961-9B1F-3C64-8A18-0287215AA4CD}.Debug|Win32.ActiveCfg = Debug|Win32
		{3DDE3961-9B1F-3C64-8A18-0287215AA4CD}.Debug|Win32.Build.0 = Debug|Win32
		{3DDE3961-9B1F-3C64-8A18-0287215AA4CD}.MinSizeRel|Win32.ActiveCfg = MinSizeRel|Win32
		{3DDE3961-9B1F-3C64-8A18-0287215AA4CD}.MinSizeRel|Win32.Build.0 = MinSizeRel|Win32
		{3DDE3961-9B1F-3C64-8A18-0287215AA4CD}.Release|Win32.ActiveCfg = Release|Win32
		{3DDE3961-9B1F-3C64-8A18-0287215AA4CD}.Release|Win32.Build.0 = Release|Win32
		{3DDE3961-9B1F-3C64-8A18-0287215AA4CD}.RelWithDebInfo|Win32.ActiveCfg = RelWithDebInfo|Win32
		{3DDE3961-9B1F-3C64-8A18-0287215AA4CD}.RelWithDebInfo|Win32.Build.0 = RelWithDebInfo|Win32
		{BEBA58D1-63E2-3A4E-A43E-94B2DB5A6172}.Debug|Win32.ActiveCfg = Debug|Win32
		{BEBA58D1-63E2-3A4E-A43E-94B2DB5A6172}.Debug|Win32.Build.0 = Debug|Win32
		{BEBA58D1-63E2-3A4E-A43E-94B2DB5A6172}.MinSizeRel|Win32.ActiveCfg = MinSizeRel|Win32
		{BEBA58D1-63E2-3A4E-A43E-94B2DB5A6172}.MinSizeRel|Win32.Build.0 = MinSizeRel|Win32
		{BEBA58D1-63E2-3A4E-A43E-94B2DB5A6172}.Release|Win32.ActiveCfg = Release|Win32
		{BEBA58D1-63E2-3A4E-A43E-94B2DB5A6172}.Release|Win32.Build.0 = Release|Win32
		{BEBA58D1-63E2-3A4E-A43E-94B2DB5A6172}.RelWithDebInfo|Win32.ActiveCfg = RelWithDebInfo|Win32
		{BEBA58D1-63E2-3A4E-A43E-94B2DB5A6172}.RelWithDebInfo|Win32.Build.0 = RelWithDebInfo|Win32
		{54CFBA42-CF65-3584-8D60-73AACDAEA9F5}.Debug|Win32.ActiveCfg = Debug|Win32
		{54CFBA42-CF65-3584-8D60-73AACDAEA9F5}.Debug|Win32.Build.0 = Debug|Win32
		{54CFBA42-CF65-3584-8D60-73AACDAEA9F5}.MinSizeRel|Win32.ActiveCfg = MinSizeRel|Win32
		{54CFBA42-CF65-3584-8D60-73AACDAEA9F5}.MinSizeRel|Win32.Build.0 = MinSizeRel|Win32
		{54CFBA42-CF65-3584-8D60-73AACDAEA9F5}.Release|Win32.ActiveCfg = Release|Win32
		{54CFBA42-CF65-3584-8D60-73AACDAEA9F5}.Release|Win32.Build.0 = Release|Win32
		{54CFBA42-CF65-3584-8D60-73AACDAEA9F5}.RelWithDebInfo|Win32.ActiveCfg = RelWithDebInfo|Win32
		{54CFBA42-CF65-3584-8D60-73AACDAEA9F5}.RelWithDebInfo|Win32.Build.0 = RelWithDebInfo|Win32
		{83FC3C98-19E2-34FF-BDB3-00E243995EBA}.Debug|Win32.ActiveCfg = Debug|Win32
		{83FC3C98-19E2-34FF-BDB3-00E243995EBA}.Debug|Win32.Build.0 = Debug|Win32
		{83FC3C98-19E2-34FF-BDB3-00E243995EBA}.MinSizeRel|Win32.ActiveCfg = MinSizeRel|Win32
		{83FC3C98-19E2-34FF-BDB3-00E243995EBA}.MinSizeRel|Win32.Build.0 = MinSizeRel|Win32
		{83FC3C98-19E2-34FF-BDB3-00E243995EBA}.Release|Win32.ActiveCfg = Release|Win32
		{83FC3C98-19E2-34FF-BDB3-00E243995EBA}.Release|Win32.Build.0 = Release|Win32
		{83FC3C98-19E2-34FF-BDB3-00E243995EBA}.RelWithDebInfo|Win32.ActiveCfg = RelWithDebInfo|Win32
		{83FC3C98-19E2-34FF-BDB3-00E243995EBA}.RelWithDebInfo|Win32.Build.0 = RelWithDebInfo|Win32
		{37C1DF1B-4534-3524-99EC-F313307255AB}.Debug|Win32.ActiveCfg = Debug|Win32
		{37C1DF1B-4534-3524-99EC-F313307255AB}.Debug|Win32.Build.0 = Debug|Win32
		{37C1DF1B-4534-3524-99EC-F313307255AB}.MinSizeRel|Win32.ActiveCfg = MinSizeRel|Win32
		{37C1DF1B-4534-3524-99EC-F313307255AB}.MinSizeRel|Win32.Build.0 = MinSizeRel|Win32
		{37C1DF1B-4534-3524-99EC-F313307255AB}.Release|Win32.ActiveCfg = Release|Win32
		{37C1DF1B-4534-3524-99EC-F313307255AB}.Release|Win32.Build.0 = Release|Win32
		{37C1DF1B-4534-3524-99EC-F313307255AB}.RelWithDebInfo|Win32.ActiveCfg = RelWithDebInfo|Win32
		{37C1DF1B-4534-3524-99EC-F313307255AB}.RelWithDebInfo|Win32.Build.0 = RelWithDebInfo|Win32
		{715070DF-4F34-374C-8E8B-72B30E65DC8A}.Debug|Win32.ActiveCfg = Debug|Win32
		{715070DF-4F34-374C-8E8B-72B30E65DC8A}.Debug|Win32.Build.0 = Debug|Win32
		{715070DF-4F34-374C-8E8B-72B30E65DC8A}.MinSizeRel|Win32.ActiveCfg = MinSizeRel|Win32
		{715070DF-4F34-374C-8E8B-72B30E65DC8A}.MinSizeRel|Win32.Build.0 = MinSizeRel|Win32
		{715070DF-4F34-374C-8E8B-72B30E65DC8A}.Release|Win32.ActiveCfg = Release|Win32
		{715070DF-4F34-374C-8E8B-72B30E65DC8A}.Release|Win32.Build.0 = Release|Win32
		{715070DF-4F34-374C-8E8B-72B30E65DC8A}.RelWithDebInfo|Win32.ActiveCfg = RelWithDebInfo|Win32
		{715070DF-4F34-374C-8E8B-72B30E65DC8A}.RelWithDebInfo|Win32.Build.0 = RelWithDebInfo|Win32
		{78A8E02F-0EAC-3C56-962D-7C152AF08D1A}.Debug|Win32.ActiveCfg = Debug|Win32
		{78A8E02F-0EAC-3C56-962D-7C152AF08D1A}.MinSizeRel|Win32.ActiveCfg = MinSizeRel|Win32
		{78A8E02F-0EAC-3C56-962D-7C152AF08D1A}.Release|Win32.ActiveCfg = Release|Win32
		{78A8E02F-0EAC-3C56-962D-7C152AF08D1A}.RelWithDebInfo|Win32.ActiveCfg = RelWithDebInfo|Win32
		{FFC7E1E9-77F8-3928-8E29-10ADF401C0DD}.Debug|Win32.ActiveCfg = Debug|Win32
		{FFC7E1E9-77F8-3928-8E29-10ADF401C0DD}.Debug|Win32.Build.0 = Debug|Win32
		{FFC7E1E9-77F8-3928-8E29-10ADF401C0DD}.MinSizeRel|Win32.ActiveCfg = MinSizeRel|Win32
		{FFC7E1E9-77F8-3928-8E29-10ADF401C0DD}.MinSizeRel|Win32.Build.0 = MinSizeRel|Win32
		{FFC7E1E9-77F8-3928-8E29-10ADF401C0DD}.Release|Win32.ActiveCfg = Release|Win32
		{FFC7E1E9-77F8-3928-8E29-10ADF401C0DD}.Release|Win32.Build.0 = Release|Win32
		{FFC7E1E9-77F8-3928-8E29-10ADF401C0DD}.RelWithDebInfo|Win32.ActiveCfg = RelWithDebInfo|Win32
		{FFC7E1E9-77F8-3928-8E29-10ADF401C0DD}.RelWithDebInfo|Win32.Build.0 = RelWithDebInfo|Win32
		{D11A2C80-AA7C-33C9-8052-EC89E21CDEAA}.Debug|Win32.ActiveCfg = Debug|Win32
		{D11A2C80-AA7C-33C9-8052-EC89E21CDEAA}.Debug|Win32.Build.0 = Debug|Win32
		{D11A2C80-AA7C-33C9-8052-EC89E21CDEAA}.MinSizeRel|Win32.ActiveCfg = MinSizeRel|Win32
		{D11A2C80-AA7C-33C9-8052-EC89E21CDEAA}.MinSizeRel|Win32.Build.0 = MinSizeRel|Win32
		{D11A2C80-AA7C-33C9-8052-EC89E21CDEAA}.Release|Win32.ActiveCfg = Release|Win32
		{D11A2C80-AA7C-33C9-8052-EC89E21CDEAA}.Release|Win32.Build.0 = Release|Win32
		{D11A2C80-AA7C-33C9-8052-EC89E21CDEAA}.RelWithDebInfo|Win32.ActiveCfg = RelWithDebInfo|Win32
		{D11A2C80-AA7C-33C9-8052-EC89E21CDEAA}.RelWithDebInfo|Win32.Build.0 = RelWithDebInfo|Win32
		{314489B8-0D3B-381D-B263-CA03B1B2BCAA}.Debug|Win32.ActiveCfg = Debug|Win32
		{314489B8-0D3B-381D-B263-CA03B1B2BCAA}.Debug|Win32.Build.0 = Debug|Win32
		{314489B8-0D3B-381D-B263-CA03B1B2BCAA}.MinSizeRel|Win32.ActiveCfg = MinSizeRel|Win32
		{314489B8-0D3B-381D-B263-CA03B1B2BCAA}.MinSizeRel|Win32.Build.0 = MinSizeRel|Win32
		{314489B8-0D3B-381D-B263-CA03B1B2BCAA}.Release|Win32.ActiveCfg = Release|Win32
		{314489B8-0D3B-381D-B263-CA03B1B2BCAA}.Release|Win32.Build.0 = Release|Win32
		{314489B8-0D3B-381D-B263-CA03B1B2BCAA}.RelWithDebInfo|Win32.ActiveCfg = RelWithDebInfo|Win32
		{314489B8-0D3B-381D-B263-CA03B1B2BCAA}.RelWithDebInfo|Win32.Build.0 = RelWithDebInfo|Win32
		{80B981F2-EA31-3AF2-89E5-02A29747A083}.Debug|Win32.ActiveCfg = Debug|Win32
		{80B981F2-EA31-3AF2-89E5-02A29747A083}.Debug|Win32.Build.0 = Debug|Win32
		{80B981F2-EA31-3AF2-89E5-02A29747A083}.MinSizeRel|Win32.ActiveCfg = MinSizeRel|Win32
		{80B981F2-EA31-3AF2-89E5-02A29747A083}.MinSizeRel|Win32.Build.0 = MinSizeRel|Win32
		{80B981F2-EA31-3AF2-89E5-02A29747A083}.Release|Win32.ActiveCfg = Release|Win32
		{80B981F2-EA31-3AF2-89E5-02A29747A083}.Release|Win32.Build.0 = Release|Win32
		{80B981F2-EA31-3AF2-89E5-02A29747A083}.RelWithDebInfo|Win32.ActiveCfg = RelWithDebInfo|Win32
		{80B981F2-EA31-3AF2-89E5-02A29747A083}.RelWithDebInfo|Win32.Build.0 = RelWithDebInfo|Win32
		{7AC439A6-6478-3CF4-9321-ED652CA710EB}.Debug|Win32.ActiveCfg = Debug|Win32
		{7AC439A6-6478-3CF4-9321-ED652CA710EB}.Debug|Win32.Build.0 = Debug|Win32
		{7AC439A6-6478-3CF4-9321-ED652CA710EB}.MinSizeRel|Win32.ActiveCfg = MinSizeRel|Win32
		{7AC439A6-6478-3CF4-9321-ED652CA710EB}.MinSizeRel|Win32.Build.0 = MinSizeRel|Win32
		{7AC439A6-6478-3CF4-9321-ED652CA710EB}.Release|Win32.ActiveCfg = Release|Win32
		{7AC439A6-6478-3CF4-9321-ED652CA710EB}.Release|Win32.Build.0 = Release|Win32
		{7AC439A6-6478-3CF4-9321-ED652CA710EB}.RelWithDebInfo|Win32.ActiveCfg = RelWithDebInfo|Win32
		{7AC439A6-6478-3CF4-9321-ED652CA710EB}.RelWithDebInfo|Win32.Build.0 = RelWithDebInfo|Win32
		{22A8AFA7-F1B9-3AC8-A8B0-E1ED1274ACE1}.Debug|Win32.ActiveCfg = Debug|Win32
		{22A8AFA7-F1B9-3AC8-A8B0-E1ED1274ACE1}.Debug|Win32.Build.0 = Debug|Win32
		{22A8AFA7-F1B9-3AC8-A8B0-E1ED1274ACE1}.MinSizeRel|Win32.ActiveCfg = MinSizeRel|Win32
		{22A8AFA7-F1B9-3AC8-A8B0-E1ED1274ACE1}.MinSizeRel|Win32.Build.0 = MinSizeRel|Win32
		{22A8AFA7-F1B9-3AC8-A8B0-E1ED1274ACE1}.Release|Win32.ActiveCfg = Release|Win32
		{22A8AFA7-F1B9-3AC8-A8B0-E1ED1274ACE1}.Release|Win32.Build.0 = Release|Win32
		{22A8AFA7-F1B9-3AC8-A8B0-E1ED1274ACE1}.RelWithDebInfo|Win32.ActiveCfg = RelWithDebInfo|Win32
		{22A8AFA7-F1B9-3AC8-A8B0-E1ED1274ACE1}.RelWithDebInfo|Win32.Build.0 = RelWithDebInfo|Win32
		{C14A7B8B-2E17-3745-BFC5-160A865D3624}.Debug|Win32.ActiveCfg = Debug|Win32
		{C14A7B8B-2E17-3745-BFC5-160A865D3624}.Debug|Win32.Build.0 = Debug|Win32
		{C14A7B8B-2E17-3745-BFC5-160A865D3624}.MinSizeRel|Win32.ActiveCfg = MinSizeRel|Win32
		{C14A7B8B-2E17-3745-BFC5-160A865D3624}.MinSizeRel|Win32.Build.0 = MinSizeRel|Win32
		{C14A7B8B-2E17-3745-BFC5-160A865D3624}.Release|Win32.ActiveCfg = Release|Win32
		{C14A7B8B-2E17-3745-BFC5-160A865D3624}.Release|Win32.Build.0 = Release|Win32
		{C14A7B8B-2E17-3745-BFC5-160A865D3624}.RelWithDebInfo|Win32.ActiveCfg = RelWithDebInfo|Win32
		{C14A7B8B-2E17-3745-BFC5-160A865D3624}.RelWithDebInfo|Win32.Build.0 = RelWithDebInfo|Win32
		{C44DF334-B542-39FD-8E41-E030A224E5F6}.Debug|Win32.ActiveCfg = Debug|Win32
		{C44DF334-B542-39FD-8E41-E030A224E5F6}.Debug|Win32.Build.0 = Debug|Win32
		{C44DF334-B542-39FD-8E41-E030A224E5F6}.MinSizeRel|Win32.ActiveCfg = MinSizeRel|Win32
		{C44DF334-B542-39FD-8E41-E030A224E5F6}.MinSizeRel|Win32.Build.0 = MinSizeRel|Win32
		{C44DF334-B542-39FD-8E41-E030A224E5F6}.Release|Win32.ActiveCfg = Release|Win32
		{C44DF334-B542-39FD-8E41-E030A224E5F6}.Release|Win32.Build.0 = Release|Win32
		{C44DF334-B542-39FD-8E41-E030A224E5F6}.RelWithDebInfo|Win32.ActiveCfg = RelWithDebInfo|Win32
		{C44DF334-B542-39FD-8E41-E030A224E5F6}.RelWithDebInfo|Win32.Build.0 = RelWithDebInfo|Win32
		{36FDB320-D749-3056-B796-70F9C6AC906C}.Debug|Win32.ActiveCfg = Debug|Win32
		{36FDB320-D749-3056-B796-70F9C6AC906C}.Debug|Win32.Build.0 = Debug|Win32
		{36FDB320-D749-3056-B796-70F9C6AC906C}.MinSizeRel|Win32.ActiveCfg = MinSizeRel|Win32
		{36FDB320-D749-3056-B796-70F9C6AC906C}.MinSizeRel|Win32.Build.0 = MinSizeRel|Win32
		{36FDB320-D749-3056-B796-70F9C6AC906C}.Release|Win32.ActiveCfg = Release|Win32
		{36FDB320-D749-3056-B796-70F9C6AC906C}.Release|Win32.Build.0 = Release|Win32
		{36FDB320-D749-3056-B796-70F9C6AC906C}.RelWithDebInfo|Win32.ActiveCfg = RelWithDebInfo|Win32
		{36FDB320-D749-3056-B796-70F9C6AC906C}.RelWithDebInfo|Win32.Build.0 = RelWithDebInfo|Win32
		{6C7B8B0B-2F0E-3D0C-A1F5-5BA42FC68D06}.Debug|Win32.ActiveCfg = Debug|Win32
		{6C7B8B0B-2F0E-3D0C-A1F5-5BA42FC68D06}.Debug|Win32.Build.0 = Debug|Win32
		{6C7B8B0B-2F0E-3D0C-A1F5-5BA42FC68D06}.MinSizeRel|Win32.ActiveCfg = MinSizeRel|Win32
		{6C7B8B0B-2F0E-3D0C-A1F5-5BA42FC68D06}.MinSizeRel|Win32.Build.0 = MinSizeRel|Win32
		{6C7B8B0B-2F0E-3D0C-A1F5-5BA42FC68D06}.Release|Win32.ActiveCfg = Release|Win32
		{6C7B8B0B-2F0E-3D0C-A1F5-5BA42FC68D06}.Release|Win32.Build.0 = Release|Win32
		{6C7B8B0B-2F0E-3D0C-A1F5-5BA42FC68D06}.RelWithDebInfo|Win32.ActiveCfg = RelWithDebInfo|Win32
		{6C7B8B0B-2F0E-3D0C-A1F5-5BA42FC68D06}.RelWithDebInfo|Win32.Build.0 = RelWithDebInfo|Win32
		{9CDCE498-F30F-31A4-B1FB-219298821E13}.Debug|Win32.ActiveCfg = Debug|Win32
		{9CDCE498-F30F-31A4-B1FB-219298821E13}.Debug|Win32.Build.0 = Debug|Win32
		{9CDCE498-F30F-31A4-B1FB-219298821E13}.MinSizeRel|Win32.ActiveCfg = MinSizeRel|Win32
		{9CDCE498-F30F-31A4-B1FB-219298821E13}.MinSizeRel|Win32.Build.0 = MinSizeRel|Win32
		{9CDCE498-F30F-31A4-B1FB-219298821E13}.Release|Win32.ActiveCfg = Release|Win32
		{9CDCE498-F30F-31A4-B1FB-219298821E13}.Release|Win32.Build.0 = Release|Win32
		{9CDCE498-F30F-31A4-B1FB-219298821E13}.RelWithDebInfo|Win32.ActiveCfg = RelWithDebInfo|Win32
		{9CDCE498-F30F-31A4-B1FB-219298821E13}.RelWithDebInfo|Win32.Build.0 = RelWithDebInfo|Win32
		{EF11B3B1-6C22-38AA-B809-BDBBA1EC2386}.Debug|Win32.ActiveCfg = Debug|Win32
		{EF11B3B1-6C22-38AA-B809-BDBBA1EC2386}.Debug|Win32.Build.0 = Debug|Win32
		{EF11B3B1-6C22-38AA-B809-BDBBA1EC2386}.MinSizeRel|Win32.ActiveCfg = MinSizeRel|Win32
		{EF11B3B1-6C22-38AA-B809-BDBBA1EC2386}.MinSizeRel|Win32.Build.0 = MinSizeRel|Win32
		{EF11B3B1-6C22-38AA-B809-BDBBA1EC2386}.Release|Win32.ActiveCfg = Release|Win32
		{EF11B3B1-6C22-38AA-B809-BDBBA1EC2386}.Release|Win32.Build.0 = Release|Win32
		{EF11B3B1-6C22-38AA-B809-BDBBA1EC2386}.RelWithDebInfo|Win32.ActiveCfg = RelWithDebInfo|Win32
		{EF11B3B1-6C22-38AA-B809-BDBBA1EC2386}.RelWithDebInfo|Win32.Build.0 = RelWithDebInfo|Win32
		{29F6662C-69B5-3F2A-808F-3087B8BFC407}.Debug|Win32.ActiveCfg = Debug|Win32
		{29F6662C-69B5-3F2A-808F-3087B8BFC407}.Debug|Win32.Build.0 = Debug|Win32
		{29F6662C-69B5-3F2A-808F-3087B8BFC407}.MinSizeRel|Win32.ActiveCfg = MinSizeRel|Win32
		{29F6662C-69B5-3F2A-808F-3087B8BFC407}.MinSizeRel|Win32.Build.0 = MinSizeRel|Win32
		{29F6662C-69B5-3F2A-808F-3087B8BFC407}.Release|Win32.ActiveCfg = Release|Win32
		{29F6662C-69B5-3F2A-808F-3087B8BFC407}.Release|Win32.Build.0 = Release|Win32
		{29F6662C-69B5-3F2A-808F-3087B8BFC407}.RelWithDebInfo|Win32.ActiveCfg = RelWithDebInfo|Win32
		{29F6662C-69B5-3F2A-808F-3087B8BFC407}.RelWithDebInfo|Win32.Build.0 = RelWithDebInfo|Win32
		{6C9A63F9-1BF7-3C35-875B-A1D7DFF0D269}.Debug|Win32.ActiveCfg = Debug|Win32
		{6C9A63F9-1BF7-3C35-875B-A1D7DFF0D269}.Debug|Win32.Build.0 = Debug|Win32
		{6C9A63F9-1BF7-3C35-875B-A1D7DFF0D269}.MinSizeRel|Win32.ActiveCfg = MinSizeRel|Win32
		{6C9A63F9-1BF7-3C35-875B-A1D7DFF0D269}.MinSizeRel|Win32.Build.0 = MinSizeRel|Win32
		{6C9A63F9-1BF7-3C35-875B-A1D7DFF0D269}.Release|Win32.ActiveCfg = Release|Win32
		{6C9A63F9-1BF7-3C35-875B-A1D7DFF0D269}.Release|Win32.Build.0 = Release|Win32
		{6C9A63F9-1BF7-3C35-875B-A1D7DFF0D269}.RelWithDebInfo|Win32.ActiveCfg = RelWithDebInfo|Win32
		{6C9A63F9-1BF7-3C35-875B-A1D7DFF0D269}.RelWithDebInfo|Win32.Build.0 = RelWithDebInfo|Win32
		{03A81797-CC6F-317E-A3F3-6A1855E84702}.Debug|Win32.ActiveCfg = Debug|Win32
		{03A81797-CC6F-317E-A3F3-6A1855E84702}.Debug|Win32.Build.0 = Debug|Win32
		{03A81797-CC6F-317E-A3F3-6A1855E84702}.MinSizeRel|Win32.ActiveCfg = MinSizeRel|Win32
		{03A81797-CC6F-317E-A3F3-6A1855E84702}.MinSizeRel|Win32.Build.0 = MinSizeRel|Win32
		{03A81797-CC6F-317E-A3F3-6A1855E84702}.Release|Win32.ActiveCfg = Release|Win32
		{03A81797-CC6F-317E-A3F3-6A1855E84702}.Release|Win32.Build.0 = Release|Win32
		{03A81797-CC6F-317E-A3F3-6A1855E84702}.RelWithDebInfo|Win32.ActiveCfg = RelWithDebInfo|Win32
		{03A81797-CC6F-317E-A3F3-6A1855E84702}.RelWithDebInfo|Win32.Build.0 = RelWithDebInfo|Win32
		{7BDE2619-A084-361C-8C65-3E64B5C1D5FF}.Debug|Win32.ActiveCfg = Debug|Win32
		{7BDE2619-A084-361C-8C65-3E64B5C1D5FF}.Debug|Win32.Build.0 = Debug|Win32
		{7BDE2619-A084-361C-8C65-3E64B5C1D5FF}.MinSizeRel|Win32.ActiveCfg = MinSizeRel|Win32
		{7BDE2619-A084-361C-8C65-3E64B5C1D5FF}.MinSizeRel|Win32.Build.0 = MinSizeRel|Win32
		{7BDE2619-A084-361C-8C65-3E64B5C1D5FF}.Release|Win32.ActiveCfg = Release|Win32
		{7BDE2619-A084-361C-8C65-3E64B5C1D5FF}.Release|Win32.Build.0 = Release|Win32
		{7BDE2619-A084-361C-8C65-3E64B5C1D5FF}.RelWithDebInfo|Win32.ActiveCfg = RelWithDebInfo|Win32
		{7BDE2619-A084-361C-8C65-3E64B5C1D5FF}.RelWithDebInfo|Win32.Build.0 = RelWithDebInfo|Win32
		{5D9A2B54-1339-388C-8137-ED9FDFBEE80C}.Debug|Win32.ActiveCfg = Debug|Win32
		{5D9A2B54-1339-388C-8137-ED9FDFBEE80C}.Debug|Win32.Build.0 = Debug|Win32
		{5D9A2B54-1339-388C-8137-ED9FDFBEE80C}.MinSizeRel|Win32.ActiveCfg = MinSizeRel|Win32
		{5D9A2B54-1339-388C-8137-ED9FDFBEE80C}.MinSizeRel|Win32.Build.0 = MinSizeRel|Win32
		{5D9A2B54-1339-388C-8137-ED9FDFBEE80C}.Release|Win32.ActiveCfg = Release|Win32
		{5D9A2B54-1339-388C-8137-ED9FDFBEE80C}.Release|Win32.Build.0 = Release|Win32
		{5D9A2B54-1339-388C-8137-ED9FDFBEE80C}.RelWithDebInfo|Win32.ActiveCfg = RelWithDebInfo|Win32
		{5D9A2B54-1339-388C-8137-ED9FDFBEE80C}.RelWithDebInfo|Win32.Build.0 = RelWithDebInfo|Win32
		{0631840B-64F8-395F-AC91-1DF5BB227FED}.Debug|Win32.ActiveCfg = Debug|Win32
		{0631840B-64F8-395F-AC91-1DF5BB227FED}.Debug|Win32.Build.0 = Debug|Win32
		{0631840B-64F8-395F-AC91-1DF5BB227FED}.MinSizeRel|Win32.ActiveCfg = MinSizeRel|Win32
		{0631840B-64F8-395F-AC91-1DF5BB227FED}.MinSizeRel|Win32.Build.0 = MinSizeRel|Win32
		{0631840B-64F8-395F-AC91-1DF5BB227FED}.Release|Win32.ActiveCfg = Release|Win32
		{0631840B-64F8-395F-AC91-1DF5BB227FED}.Release|Win32.Build.0 = Release|Win32
		{0631840B-64F8-395F-AC91-1DF5BB227FED}.RelWithDebInfo|Win32.ActiveCfg = RelWithDebInfo|Win32
		{0631840B-64F8-395F-AC91-1DF5BB227FED}.RelWithDebInfo|Win32.Build.0 = RelWithDebInfo|Win32
		{2D715437-E019-34E7-B900-BB3FE18DED3E}.Debug|Win32.ActiveCfg = Debug|Win32
		{2D715437-E019-34E7-B900-BB3FE18DED3E}.Debug|Win32.Build.0 = Debug|Win32
		{2D715437-E019-34E7-B900-BB3FE18DED3E}.MinSizeRel|Win32.ActiveCfg = MinSizeRel|Win32
		{2D715437-E019-34E7-B900-BB3FE18DED3E}.MinSizeRel|Win32.Build.0 = MinSizeRel|Win32
		{2D715437-E019-34E7-B900-BB3FE18DED3E}.Release|Win32.ActiveCfg = Release|Win32
		{2D715437-E019-34E7-B900-BB3FE18DED3E}.Release|Win32.Build.0 = Release|Win32
		{2D715437-E019-34E7-B900-BB3FE18DED3E}.RelWithDebInfo|Win32.ActiveCfg = RelWithDebInfo|Win32
		{2D715437-E019-34E7-B900-BB3FE18DED3E}.RelWithDebInfo|Win32.Build.0 = RelWithDebInfo|Win32
		{65E0FF15-980E-34EF-B3D6-0E931A4EB64E}.Debug|Win32.ActiveCfg = Debug|Win32
		{65E0FF15-980E-34EF-B3D6-0E931A4EB64E}.Debug|Win32.Build.0 = Debug|Win32
		{65E0FF15-980E-34EF-B3D6-0E931A4EB64E}.MinSizeRel|Win32.ActiveCfg = MinSizeRel|Win32
		{65E0FF15-980E-34EF-B3D6-0E931A4EB64E}.MinSizeRel|Win32.Build.0 = MinSizeRel|Win32
		{65E0FF15-980E-34EF-B3D6-0E931A4EB64E}.Release|Win32.ActiveCfg = Release|Win32
		{65E0FF15-980E-34EF-B3D6-0E931A4EB64E}.Release|Win32.Build.0 = Release|Win32
		{65E0FF15-980E-34EF-B3D6-0E931A4EB64E}.RelWithDebInfo|Win32.ActiveCfg = RelWithDebInfo|Win32
		{65E0FF15-980E-34EF-B3D6-0E931A4EB64E}.RelWithDebInfo|Win32.Build.0 = RelWithDebInfo|Win32
		{76062B68-CFB9-3BC3-A4EE-EE67E17D3D16}.Debug|Win32.ActiveCfg = Debug|Win32
		{76062B68-CFB9-3BC3-A4EE-EE67E17D3D16}.Debug|Win32.Build.0 = Debug|Win32
		{76062B68-CFB9-3BC3-A4EE-EE67E17D3D16}.MinSizeRel|Win32.ActiveCfg = MinSizeRel|Win32
		{76062B68-CFB9-3BC3-A4EE-EE67E17D3D16}.MinSizeRel|Win32.Build.0 = MinSizeRel|Win32
		{76062B68-CFB9-3BC3-A4EE-EE67E17D3D16}.Release|Win32.ActiveCfg = Release|Win32
		{76062B68-CFB9-3BC3-A4EE-EE67E17D3D16}.Release|Win32.Build.0 = Release|Win32
		{76062B68-CFB9-3BC3-A4EE-EE67E17D3D16}.RelWithDebInfo|Win32.ActiveCfg = RelWithDebInfo|Win32
		{76062B68-CFB9-3BC3-A4EE-EE67E17D3D16}.RelWithDebInfo|Win32.Build.0 = RelWithDebInfo|Win32
		{6C0E9665-8A77-3B59-A7F0-2F1AD914FA98}.Debug|Win32.ActiveCfg = Debug|Win32
		{6C0E9665-8A77-3B59-A7F0-2F1AD914FA98}.Debug|Win32.Build.0 = Debug|Win32
		{6C0E9665-8A77-3B59-A7F0-2F1AD914FA98}.MinSizeRel|Win32.ActiveCfg = MinSizeRel|Win32
		{6C0E9665-8A77-3B59-A7F0-2F1AD914FA98}.MinSizeRel|Win32.Build.0 = MinSizeRel|Win32
		{6C0E9665-8A77-3B59-A7F0-2F1AD914FA98}.Release|Win32.ActiveCfg = Release|Win32
		{6C0E9665-8A77-3B59-A7F0-2F1AD914FA98}.Release|Win32.Build.0 = Release|Win32
		{6C0E9665-8A77-3B59-A7F0-2F1AD914FA98}.RelWithDebInfo|Win32.ActiveCfg = RelWithDebInfo|Win32
		{6C0E9665-8A77-3B59-A7F0-2F1AD914FA98}.RelWithDebInfo|Win32.Build.0 = RelWithDebInfo|Win32
		{2BF912CE-F4E3-3BF8-BFD9-E2CF994F3527}.Debug|Win32.ActiveCfg = Debug|Win32
		{2BF912CE-F4E3-3BF8-BFD9-E2CF994F3527}.Debug|Win32.Build.0 = Debug|Win32
		{2BF912CE-F4E3-3BF8-BFD9-E2CF994F3527}.MinSizeRel|Win32.ActiveCfg = MinSizeRel|Win32
		{2BF912CE-F4E3-3BF8-BFD9-E2CF994F3527}.MinSizeRel|Win32.Build.0 = MinSizeRel|Win32
		{2BF912CE-F4E3-3BF8-BFD9-E2CF994F3527}.Release|Win32.ActiveCfg = Release|Win32
		{2BF912CE-F4E3-3BF8-BFD9-E2CF994F3527}.Release|Win32.Build.0 = Release|Win32
		{2BF912CE-F4E3-3BF8-BFD9-E2CF994F3527}.RelWithDebInfo|Win32.ActiveCfg = RelWithDebInfo|Win32
		{2BF912CE-F4E3-3BF8-BFD9-E2CF994F3527}.RelWithDebInfo|Win32.Build.0 = RelWithDebInfo|Win32
		{329B5C03-6A22-3B24-BCAB-2B34221DF1AE}.Debug|Win32.ActiveCfg = Debug|Win32
		{329B5C03-6A22-3B24-BCAB-2B34221DF1AE}.Debug|Win32.Build.0 = Debug|Win32
		{329B5C03-6A22-3B24-BCAB-2B34221DF1AE}.MinSizeRel|Win32.ActiveCfg = MinSizeRel|Win32
		{329B5C03-6A22-3B24-BCAB-2B34221DF1AE}.MinSizeRel|Win32.Build.0 = MinSizeRel|Win32
		{329B5C03-6A22-3B24-BCAB-2B34221DF1AE}.Release|Win32.ActiveCfg = Release|Win32
		{329B5C03-6A22-3B24-BCAB-2B34221DF1AE}.Release|Win32.Build.0 = Release|Win32
		{329B5C03-6A22-3B24-BCAB-2B34221DF1AE}.RelWithDebInfo|Win32.ActiveCfg = RelWithDebInfo|Win32
		{329B5C03-6A22-3B24-BCAB-2B34221DF1AE}.RelWithDebInfo|Win32.Build.0 = RelWithDebInfo|Win32
		{BF4329DA-CFFF-3093-AD67-22ABC25D1BEF}.Debug|Win32.ActiveCfg = Debug|Win32
		{BF4329DA-CFFF-3093-AD67-22ABC25D1BEF}.Debug|Win32.Build.0 = Debug|Win32
		{BF4329DA-CFFF-3093-AD67-22ABC25D1BEF}.MinSizeRel|Win32.ActiveCfg = MinSizeRel|Win32
		{BF4329DA-CFFF-3093-AD67-22ABC25D1BEF}.MinSizeRel|Win32.Build.0 = MinSizeRel|Win32
		{BF4329DA-CFFF-3093-AD67-22ABC25D1BEF}.Release|Win32.ActiveCfg = Release|Win32
		{BF4329DA-CFFF-3093-AD67-22ABC25D1BEF}.Release|Win32.Build.0 = Release|Win32
		{BF4329DA-CFFF-3093-AD67-22ABC25D1BEF}.RelWithDebInfo|Win32.ActiveCfg = RelWithDebInfo|Win32
		{BF4329DA-CFFF-3093-AD67-22ABC25D1BEF}.RelWithDebInfo|Win32.Build.0 = RelWithDebInfo|Win32
		{05A9E0B9-C7D4-36CE-9F98-2D54BA68944A}.Debug|Win32.ActiveCfg = Debug|Win32
		{05A9E0B9-C7D4-36CE-9F98-2D54BA68944A}.Debug|Win32.Build.0 = Debug|Win32
		{05A9E0B9-C7D4-36CE-9F98-2D54BA68944A}.MinSizeRel|Win32.ActiveCfg = MinSizeRel|Win32
		{05A9E0B9-C7D4-36CE-9F98-2D54BA68944A}.MinSizeRel|Win32.Build.0 = MinSizeRel|Win32
		{05A9E0B9-C7D4-36CE-9F98-2D54BA68944A}.Release|Win32.ActiveCfg = Release|Win32
		{05A9E0B9-C7D4-36CE-9F98-2D54BA68944A}.Release|Win32.Build.0 = Release|Win32
		{05A9E0B9-C7D4-36CE-9F98-2D54BA68944A}.RelWithDebInfo|Win32.ActiveCfg = RelWithDebInfo|Win32
		{05A9E0B9-C7D4-36CE-9F98-2D54BA68944A}.RelWithDebInfo|Win32.Build.0 = RelWithDebInfo|Win32
		{A427FB53-1B97-3165-9A99-AC1E86630AE7}.Debug|Win32.ActiveCfg = Debug|Win32
		{A427FB53-1B97-3165-9A99-AC1E86630AE7}.Debug|Win32.Build.0 = Debug|Win32
		{A427FB53-1B97-3165-9A99-AC1E86630AE7}.MinSizeRel|Win32.ActiveCfg = MinSizeRel|Win32
		{A427FB53-1B97-3165-9A99-AC1E86630AE7}.MinSizeRel|Win32.Build.0 = MinSizeRel|Win32
		{A427FB53-1B97-3165-9A99-AC1E86630AE7}.Release|Win32.ActiveCfg = Release|Win32
		{A427FB53-1B97-3165-9A99-AC1E86630AE7}.Release|Win32.Build.0 = Release|Win32
		{A427FB53-1B97-3165-9A99-AC1E86630AE7}.RelWithDebInfo|Win32.ActiveCfg = RelWithDebInfo|Win32
		{A427FB53-1B97-3165-9A99-AC1E86630AE7}.RelWithDebInfo|Win32.Build.0 = RelWithDebInfo|Win32
		{A6A7F982-14FB-3BE8-9FC7-8B6F1D71CADD}.Debug|Win32.ActiveCfg = Debug|Win32
		{A6A7F982-14FB-3BE8-9FC7-8B6F1D71CADD}.Debug|Win32.Build.0 = Debug|Win32
		{A6A7F982-14FB-3BE8-9FC7-8B6F1D71CADD}.MinSizeRel|Win32.ActiveCfg = MinSizeRel|Win32
		{A6A7F982-14FB-3BE8-9FC7-8B6F1D71CADD}.MinSizeRel|Win32.Build.0 = MinSizeRel|Win32
		{A6A7F982-14FB-3BE8-9FC7-8B6F1D71CADD}.Release|Win32.ActiveCfg = Release|Win32
		{A6A7F982-14FB-3BE8-9FC7-8B6F1D71CADD}.Release|Win32.Build.0 = Release|Win32
		{A6A7F982-14FB-3BE8-9FC7-8B6F1D71CADD}.RelWithDebInfo|Win32.ActiveCfg = RelWithDebInfo|Win32
		{A6A7F982-14FB-3BE8-9FC7-8B6F1D71CADD}.RelWithDebInfo|Win32.Build.0 = RelWithDebInfo|Win32
		{2897627F-6FD6-3FB7-8E65-527168218089}.Debug|Win32.ActiveCfg = Debug|Win32
		{2897627F-6FD6-3FB7-8E65-527168218089}.Debug|Win32.Build.0 = Debug|Win32
		{2897627F-6FD6-3FB7-8E65-527168218089}.MinSizeRel|Win32.ActiveCfg = MinSizeRel|Win32
		{2897627F-6FD6-3FB7-8E65-527168218089}.MinSizeRel|Win32.Build.0 = MinSizeRel|Win32
		{2897627F-6FD6-3FB7-8E65-527168218089}.Release|Win32.ActiveCfg = Release|Win32
		{2897627F-6FD6-3FB7-8E65-527168218089}.Release|Win32.Build.0 = Release|Win32
		{2897627F-6FD6-3FB7-8E65-527168218089}.RelWithDebInfo|Win32.ActiveCfg = RelWithDebInfo|Win32
		{2897627F-6FD6-3FB7-8E65-527168218089}.RelWithDebInfo|Win32.Build.0 = RelWithDebInfo|Win32
		{01B061AB-B082-3FB6-AE00-1D26B1C3D879}.Debug|Win32.ActiveCfg = Debug|Win32
		{01B061AB-B082-3FB6-AE00-1D26B1C3D879}.Debug|Win32.Build.0 = Debug|Win32
		{01B061AB-B082-3FB6-AE00-1D26B1C3D879}.MinSizeRel|Win32.ActiveCfg = MinSizeRel|Win32
		{01B061AB-B082-3FB6-AE00-1D26B1C3D879}.MinSizeRel|Win32.Build.0 = MinSizeRel|Win32
		{01B061AB-B082-3FB6-AE00-1D26B1C3D879}.Release|Win32.ActiveCfg = Release|Win32
		{01B061AB-B082-3FB6-AE00-1D26B1C3D879}.Release|Win32.Build.0 = Release|Win32
		{01B061AB-B082-3FB6-AE00-1D26B1C3D879}.RelWithDebInfo|Win32.ActiveCfg = RelWithDebInfo|Win32
		{01B061AB-B082-3FB6-AE00-1D26B1C3D879}.RelWithDebInfo|Win32.Build.0 = RelWithDebInfo|Win32
		{1A882186-DC1E-3E3A-A271-3495033B5E0C}.Debug|Win32.ActiveCfg = Debug|Win32
		{1A882186-DC1E-3E3A-A271-3495033B5E0C}.Debug|Win32.Build.0 = Debug|Win32
		{1A882186-DC1E-3E3A-A271-3495033B5E0C}.MinSizeRel|Win32.ActiveCfg = MinSizeRel|Win32
		{1A882186-DC1E-3E3A-A271-3495033B5E0C}.MinSizeRel|Win32.Build.0 = MinSizeRel|Win32
		{1A882186-DC1E-3E3A-A271-3495033B5E0C}.Release|Win32.ActiveCfg = Release|Win32
		{1A882186-DC1E-3E3A-A271-3495033B5E0C}.Release|Win32.Build.0 = Release|Win32
		{1A882186-DC1E-3E3A-A271-3495033B5E0C}.RelWithDebInfo|Win32.ActiveCfg = RelWithDebInfo|Win32
		{1A882186-DC1E-3E3A-A271-3495033B5E0C}.RelWithDebInfo|Win32.Build.0 = RelWithDebInfo|Win32
		{D6F8E153-675E-3D5A-B722-46F81F492D22}.Debug|Win32.ActiveCfg = Debug|Win32
		{D6F8E153-675E-3D5A-B722-46F81F492D22}.Debug|Win32.Build.0 = Debug|Win32
		{D6F8E153-675E-3D5A-B722-46F81F492D22}.MinSizeRel|Win32.ActiveCfg = MinSizeRel|Win32
		{D6F8E153-675E-3D5A-B722-46F81F492D22}.MinSizeRel|Win32.Build.0 = MinSizeRel|Win32
		{D6F8E153-675E-3D5A-B722-46F81F492D22}.Release|Win32.ActiveCfg = Release|Win32
		{D6F8E153-675E-3D5A-B722-46F81F492D22}.Release|Win32.Build.0 = Release|Win32
		{D6F8E153-675E-3D5A-B722-46F81F492D22}.RelWithDebInfo|Win32.ActiveCfg = RelWithDebInfo|Win32
		{D6F8E153-675E-3D5A-B722-46F81F492D22}.RelWithDebInfo|Win32.Build.0 = RelWithDebInfo|Win32
		{DDA2A23F-218E-3C19-8D1D-F4B8CE5DDEBD}.Debug|Win32.ActiveCfg = Debug|Win32
		{DDA2A23F-218E-3C19-8D1D-F4B8CE5DDEBD}.Debug|Win32.Build.0 = Debug|Win32
		{DDA2A23F-218E-3C19-8D1D-F4B8CE5DDEBD}.MinSizeRel|Win32.ActiveCfg = MinSizeRel|Win32
		{DDA2A23F-218E-3C19-8D1D-F4B8CE5DDEBD}.MinSizeRel|Win32.Build.0 = MinSizeRel|Win32
		{DDA2A23F-218E-3C19-8D1D-F4B8CE5DDEBD}.Release|Win32.ActiveCfg = Release|Win32
		{DDA2A23F-218E-3C19-8D1D-F4B8CE5DDEBD}.Release|Win32.Build.0 = Release|Win32
		{DDA2A23F-218E-3C19-8D1D-F4B8CE5DDEBD}.RelWithDebInfo|Win32.ActiveCfg = RelWithDebInfo|Win32
		{DDA2A23F-218E-3C19-8D1D-F4B8CE5DDEBD}.RelWithDebInfo|Win32.Build.0 = RelWithDebInfo|Win32
		{766FD640-8B07-3719-94C8-AA0D4E8F820E}.Debug|Win32.ActiveCfg = Debug|Win32
		{766FD640-8B07-3719-94C8-AA0D4E8F820E}.Debug|Win32.Build.0 = Debug|Win32
		{766FD640-8B07-3719-94C8-AA0D4E8F820E}.MinSizeRel|Win32.ActiveCfg = MinSizeRel|Win32
		{766FD640-8B07-3719-94C8-AA0D4E8F820E}.MinSizeRel|Win32.Build.0 = MinSizeRel|Win32
		{766FD640-8B07-3719-94C8-AA0D4E8F820E}.Release|Win32.ActiveCfg = Release|Win32
		{766FD640-8B07-3719-94C8-AA0D4E8F820E}.Release|Win32.Build.0 = Release|Win32
		{766FD640-8B07-3719-94C8-AA0D4E8F820E}.RelWithDebInfo|Win32.ActiveCfg = RelWithDebInfo|Win32
		{766FD640-8B07-3719-94C8-AA0D4E8F820E}.RelWithDebInfo|Win32.Build.0 = RelWithDebInfo|Win32
		{224CD674-1C5D-3050-8F0A-35DB21FE87BA}.Debug|Win32.ActiveCfg = Debug|Win32
		{224CD674-1C5D-3050-8F0A-35DB21FE87BA}.Debug|Win32.Build.0 = Debug|Win32
		{224CD674-1C5D-3050-8F0A-35DB21FE87BA}.MinSizeRel|Win32.ActiveCfg = MinSizeRel|Win32
		{224CD674-1C5D-3050-8F0A-35DB21FE87BA}.MinSizeRel|Win32.Build.0 = MinSizeRel|Win32
		{224CD674-1C5D-3050-8F0A-35DB21FE87BA}.Release|Win32.ActiveCfg = Release|Win32
		{224CD674-1C5D-3050-8F0A-35DB21FE87BA}.Release|Win32.Build.0 = Release|Win32
		{224CD674-1C5D-3050-8F0A-35DB21FE87BA}.RelWithDebInfo|Win32.ActiveCfg = RelWithDebInfo|Win32
		{224CD674-1C5D-3050-8F0A-35DB21FE87BA}.RelWithDebInfo|Win32.Build.0 = RelWithDebInfo|Win32
		{86DE80E9-3D69-3198-B647-51A1122A60C3}.Debug|Win32.ActiveCfg = Debug|Win32
		{86DE80E9-3D69-3198-B647-51A1122A60C3}.Debug|Win32.Build.0 = Debug|Win32
		{86DE80E9-3D69-3198-B647-51A1122A60C3}.MinSizeRel|Win32.ActiveCfg = MinSizeRel|Win32
		{86DE80E9-3D69-3198-B647-51A1122A60C3}.MinSizeRel|Win32.Build.0 = MinSizeRel|Win32
		{86DE80E9-3D69-3198-B647-51A1122A60C3}.Release|Win32.ActiveCfg = Release|Win32
		{86DE80E9-3D69-3198-B647-51A1122A60C3}.Release|Win32.Build.0 = Release|Win32
		{86DE80E9-3D69-3198-B647-51A1122A60C3}.RelWithDebInfo|Win32.ActiveCfg = RelWithDebInfo|Win32
		{86DE80E9-3D69-3198-B647-51A1122A60C3}.RelWithDebInfo|Win32.Build.0 = RelWithDebInfo|Win32
		{CE078617-F041-35BC-BF83-D11B9EBAA87B}.Debug|Win32.ActiveCfg = Debug|Win32
		{CE078617-F041-35BC-BF83-D11B9EBAA87B}.Debug|Win32.Build.0 = Debug|Win32
		{CE078617-F041-35BC-BF83-D11B9EBAA87B}.MinSizeRel|Win32.ActiveCfg = MinSizeRel|Win32
		{CE078617-F041-35BC-BF83-D11B9EBAA87B}.MinSizeRel|Win32.Build.0 = MinSizeRel|Win32
		{CE078617-F041-35BC-BF83-D11B9EBAA87B}.Release|Win32.ActiveCfg = Release|Win32
		{CE078617-F041-35BC-BF83-D11B9EBAA87B}.Release|Win32.Build.0 = Release|Win32
		{CE078617-F041-35BC-BF83-D11B9EBAA87B}.RelWithDebInfo|Win32.ActiveCfg = RelWithDebInfo|Win32
		{CE078617-F041-35BC-BF83-D11B9EBAA87B}.RelWithDebInfo|Win32.Build.0 = RelWithDebInfo|Win32
		{76A1D16D-17E6-39F7-9B73-9CB0A15A898A}.Debug|Win32.ActiveCfg = Debug|Win32
		{76A1D16D-17E6-39F7-9B73-9CB0A15A898A}.Debug|Win32.Build.0 = Debug|Win32
		{76A1D16D-17E6-39F7-9B73-9CB0A15A898A}.MinSizeRel|Win32.ActiveCfg = MinSizeRel|Win32
		{76A1D16D-17E6-39F7-9B73-9CB0A15A898A}.MinSizeRel|Win32.Build.0 = MinSizeRel|Win32
		{76A1D16D-17E6-39F7-9B73-9CB0A15A898A}.Release|Win32.ActiveCfg = Release|Win32
		{76A1D16D-17E6-39F7-9B73-9CB0A15A898A}.Release|Win32.Build.0 = Release|Win32
		{76A1D16D-17E6-39F7-9B73-9CB0A15A898A}.RelWithDebInfo|Win32.ActiveCfg = RelWithDebInfo|Win32
		{76A1D16D-17E6-39F7-9B73-9CB0A15A898A}.RelWithDebInfo|Win32.Build.0 = RelWithDebInfo|Win32
		{28C74DCF-02A1-3A17-A5B6-4D3FC95D8DD0}.Debug|Win32.ActiveCfg = Debug|Win32
		{28C74DCF-02A1-3A17-A5B6-4D3FC95D8DD0}.Debug|Win32.Build.0 = Debug|Win32
		{28C74DCF-02A1-3A17-A5B6-4D3FC95D8DD0}.MinSizeRel|Win32.ActiveCfg = MinSizeRel|Win32
		{28C74DCF-02A1-3A17-A5B6-4D3FC95D8DD0}.MinSizeRel|Win32.Build.0 = MinSizeRel|Win32
		{28C74DCF-02A1-3A17-A5B6-4D3FC95D8DD0}.Release|Win32.ActiveCfg = Release|Win32
		{28C74DCF-02A1-3A17-A5B6-4D3FC95D8DD0}.Release|Win32.Build.0 = Release|Win32
		{28C74DCF-02A1-3A17-A5B6-4D3FC95D8DD0}.RelWithDebInfo|Win32.ActiveCfg = RelWithDebInfo|Win32
		{28C74DCF-02A1-3A17-A5B6-4D3FC95D8DD0}.RelWithDebInfo|Win32.Build.0 = RelWithDebInfo|Win32
		{73BE149E-377F-319A-83B5-318EF52BF639}.Debug|Win32.ActiveCfg = Debug|Win32
		{73BE149E-377F-319A-83B5-318EF52BF639}.Debug|Win32.Build.0 = Debug|Win32
		{73BE149E-377F-319A-83B5-318EF52BF639}.MinSizeRel|Win32.ActiveCfg = MinSizeRel|Win32
		{73BE149E-377F-319A-83B5-318EF52BF639}.MinSizeRel|Win32.Build.0 = MinSizeRel|Win32
		{73BE149E-377F-319A-83B5-318EF52BF639}.Release|Win32.ActiveCfg = Release|Win32
		{73BE149E-377F-319A-83B5-318EF52BF639}.Release|Win32.Build.0 = Release|Win32
		{73BE149E-377F-319A-83B5-318EF52BF639}.RelWithDebInfo|Win32.ActiveCfg = RelWithDebInfo|Win32
		{73BE149E-377F-319A-83B5-318EF52BF639}.RelWithDebInfo|Win32.Build.0 = RelWithDebInfo|Win32
		{EFF13FE6-B827-35BD-9A4E-11B6CCF445A7}.Debug|Win32.ActiveCfg = Debug|Win32
		{EFF13FE6-B827-35BD-9A4E-11B6CCF445A7}.Debug|Win32.Build.0 = Debug|Win32
		{EFF13FE6-B827-35BD-9A4E-11B6CCF445A7}.MinSizeRel|Win32.ActiveCfg = MinSizeRel|Win32
		{EFF13FE6-B827-35BD-9A4E-11B6CCF445A7}.MinSizeRel|Win32.Build.0 = MinSizeRel|Win32
		{EFF13FE6-B827-35BD-9A4E-11B6CCF445A7}.Release|Win32.ActiveCfg = Release|Win32
		{EFF13FE6-B827-35BD-9A4E-11B6CCF445A7}.Release|Win32.Build.0 = Release|Win32
		{EFF13FE6-B827-35BD-9A4E-11B6CCF445A7}.RelWithDebInfo|Win32.ActiveCfg = RelWithDebInfo|Win32
		{EFF13FE6-B827-35BD-9A4E-11B6CCF445A7}.RelWithDebInfo|Win32.Build.0 = RelWithDebInfo|Win32
		{407C1B7C-312A-3A24-8E2D-C01EDBD5474B}.Debug|Win32.ActiveCfg = Debug|Win32
		{407C1B7C-312A-3A24-8E2D-C01EDBD5474B}.Debug|Win32.Build.0 = Debug|Win32
		{407C1B7C-312A-3A24-8E2D-C01EDBD5474B}.MinSizeRel|Win32.ActiveCfg = MinSizeRel|Win32
		{407C1B7C-312A-3A24-8E2D-C01EDBD5474B}.MinSizeRel|Win32.Build.0 = MinSizeRel|Win32
		{407C1B7C-312A-3A24-8E2D-C01EDBD5474B}.Release|Win32.ActiveCfg = Release|Win32
		{407C1B7C-312A-3A24-8E2D-C01EDBD5474B}.Release|Win32.Build.0 = Release|Win32
		{407C1B7C-312A-3A24-8E2D-C01EDBD5474B}.RelWithDebInfo|Win32.ActiveCfg = RelWithDebInfo|Win32
		{407C1B7C-312A-3A24-8E2D-C01EDBD5474B}.RelWithDebInfo|Win32.Build.0 = RelWithDebInfo|Win32
		{3F279B74-2DC0-3771-BF82-3D93A83F77D7}.Debug|Win32.ActiveCfg = Debug|Win32
		{3F279B74-2DC0-3771-BF82-3D93A83F77D7}.Debug|Win32.Build.0 = Debug|Win32
		{3F279B74-2DC0-3771-BF82-3D93A83F77D7}.MinSizeRel|Win32.ActiveCfg = MinSizeRel|Win32
		{3F279B74-2DC0-3771-BF82-3D93A83F77D7}.MinSizeRel|Win32.Build.0 = MinSizeRel|Win32
		{3F279B74-2DC0-3771-BF82-3D93A83F77D7}.Release|Win32.ActiveCfg = Release|Win32
		{3F279B74-2DC0-3771-BF82-3D93A83F77D7}.Release|Win32.Build.0 = Release|Win32
		{3F279B74-2DC0-3771-BF82-3D93A83F77D7}.RelWithDebInfo|Win32.ActiveCfg = RelWithDebInfo|Win32
		{3F279B74-2DC0-3771-BF82-3D93A83F77D7}.RelWithDebInfo|Win32.Build.0 = RelWithDebInfo|Win32
		{6E84136B-7CF8-3ED2-8C77-0E84A127F739}.Debug|Win32.ActiveCfg = Debug|Win32
		{6E84136B-7CF8-3ED2-8C77-0E84A127F739}.Debug|Win32.Build.0 = Debug|Win32
		{6E84136B-7CF8-3ED2-8C77-0E84A127F739}.MinSizeRel|Win32.ActiveCfg = MinSizeRel|Win32
		{6E84136B-7CF8-3ED2-8C77-0E84A127F739}.MinSizeRel|Win32.Build.0 = MinSizeRel|Win32
		{6E84136B-7CF8-3ED2-8C77-0E84A127F739}.Release|Win32.ActiveCfg = Release|Win32
		{6E84136B-7CF8-3ED2-8C77-0E84A127F739}.Release|Win32.Build.0 = Release|Win32
		{6E84136B-7CF8-3ED2-8C77-0E84A127F739}.RelWithDebInfo|Win32.ActiveCfg = RelWithDebInfo|Win32
		{6E84136B-7CF8-3ED2-8C77-0E84A127F739}.RelWithDebInfo|Win32.Build.0 = RelWithDebInfo|Win32
		{425BFC28-73FB-35C8-8823-B8A987F5C13F}.Debug|Win32.ActiveCfg = Debug|Win32
		{425BFC28-73FB-35C8-8823-B8A987F5C13F}.Debug|Win32.Build.0 = Debug|Win32
		{425BFC28-73FB-35C8-8823-B8A987F5C13F}.MinSizeRel|Win32.ActiveCfg = MinSizeRel|Win32
		{425BFC28-73FB-35C8-8823-B8A987F5C13F}.MinSizeRel|Win32.Build.0 = MinSizeRel|Win32
		{425BFC28-73FB-35C8-8823-B8A987F5C13F}.Release|Win32.ActiveCfg = Release|Win32
		{425BFC28-73FB-35C8-8823-B8A987F5C13F}.Release|Win32.Build.0 = Release|Win32
		{425BFC28-73FB-35C8-8823-B8A987F5C13F}.RelWithDebInfo|Win32.ActiveCfg = RelWithDebInfo|Win32
		{425BFC28-73FB-35C8-8823-B8A987F5C13F}.RelWithDebInfo|Win32.Build.0 = RelWithDebInfo|Win32
		{F0D31BFC-7B22-3ACA-9E6C-28C1565CA466}.Debug|Win32.ActiveCfg = Debug|Win32
		{F0D31BFC-7B22-3ACA-9E6C-28C1565CA466}.MinSizeRel|Win32.ActiveCfg = MinSizeRel|Win32
		{F0D31BFC-7B22-3ACA-9E6C-28C1565CA466}.Release|Win32.ActiveCfg = Release|Win32
		{F0D31BFC-7B22-3ACA-9E6C-28C1565CA466}.RelWithDebInfo|Win32.ActiveCfg = RelWithDebInfo|Win32
		{223CEBE0-B8F9-3ABF-8E49-003E61B863EC}.Debug|Win32.ActiveCfg = Debug|Win32
		{223CEBE0-B8F9-3ABF-8E49-003E61B863EC}.Debug|Win32.Build.0 = Debug|Win32
		{223CEBE0-B8F9-3ABF-8E49-003E61B863EC}.MinSizeRel|Win32.ActiveCfg = MinSizeRel|Win32
		{223CEBE0-B8F9-3ABF-8E49-003E61B863EC}.MinSizeRel|Win32.Build.0 = MinSizeRel|Win32
		{223CEBE0-B8F9-3ABF-8E49-003E61B863EC}.Release|Win32.ActiveCfg = Release|Win32
		{223CEBE0-B8F9-3ABF-8E49-003E61B863EC}.Release|Win32.Build.0 = Release|Win32
		{223CEBE0-B8F9-3ABF-8E49-003E61B863EC}.RelWithDebInfo|Win32.ActiveCfg = RelWithDebInfo|Win32
		{223CEBE0-B8F9-3ABF-8E49-003E61B863EC}.RelWithDebInfo|Win32.Build.0 = RelWithDebInfo|Win32
		{58D1D247-4552-301B-8C4D-61203B9FE72B}.Debug|Win32.ActiveCfg = Debug|Win32
		{58D1D247-4552-301B-8C4D-61203B9FE72B}.Debug|Win32.Build.0 = Debug|Win32
		{58D1D247-4552-301B-8C4D-61203B9FE72B}.MinSizeRel|Win32.ActiveCfg = MinSizeRel|Win32
		{58D1D247-4552-301B-8C4D-61203B9FE72B}.MinSizeRel|Win32.Build.0 = MinSizeRel|Win32
		{58D1D247-4552-301B-8C4D-61203B9FE72B}.Release|Win32.ActiveCfg = Release|Win32
		{58D1D247-4552-301B-8C4D-61203B9FE72B}.Release|Win32.Build.0 = Release|Win32
		{58D1D247-4552-301B-8C4D-61203B9FE72B}.RelWithDebInfo|Win32.ActiveCfg = RelWithDebInfo|Win32
		{58D1D247-4552-301B-8C4D-61203B9FE72B}.RelWithDebInfo|Win32.Build.0 = RelWithDebInfo|Win32
		{29F4FD14-9D12-3020-8914-534D3A9B1C6F}.Debug|Win32.ActiveCfg = Debug|Win32
		{29F4FD14-9D12-3020-8914-534D3A9B1C6F}.Debug|Win32.Build.0 = Debug|Win32
		{29F4FD14-9D12-3020-8914-534D3A9B1C6F}.MinSizeRel|Win32.ActiveCfg = MinSizeRel|Win32
		{29F4FD14-9D12-3020-8914-534D3A9B1C6F}.MinSizeRel|Win32.Build.0 = MinSizeRel|Win32
		{29F4FD14-9D12-3020-8914-534D3A9B1C6F}.Release|Win32.ActiveCfg = Release|Win32
		{29F4FD14-9D12-3020-8914-534D3A9B1C6F}.Release|Win32.Build.0 = Release|Win32
		{29F4FD14-9D12-3020-8914-534D3A9B1C6F}.RelWithDebInfo|Win32.ActiveCfg = RelWithDebInfo|Win32
		{29F4FD14-9D12-3020-8914-534D3A9B1C6F}.RelWithDebInfo|Win32.Build.0 = RelWithDebInfo|Win32
		{D512BAAE-1AB3-3310-B456-7E27BAD6F4FA}.Debug|Win32.ActiveCfg = Debug|Win32
		{D512BAAE-1AB3-3310-B456-7E27BAD6F4FA}.Debug|Win32.Build.0 = Debug|Win32
		{D512BAAE-1AB3-3310-B456-7E27BAD6F4FA}.MinSizeRel|Win32.ActiveCfg = MinSizeRel|Win32
		{D512BAAE-1AB3-3310-B456-7E27BAD6F4FA}.MinSizeRel|Win32.Build.0 = MinSizeRel|Win32
		{D512BAAE-1AB3-3310-B456-7E27BAD6F4FA}.Release|Win32.ActiveCfg = Release|Win32
		{D512BAAE-1AB3-3310-B456-7E27BAD6F4FA}.Release|Win32.Build.0 = Release|Win32
		{D512BAAE-1AB3-3310-B456-7E27BAD6F4FA}.RelWithDebInfo|Win32.ActiveCfg = RelWithDebInfo|Win32
		{D512BAAE-1AB3-3310-B456-7E27BAD6F4FA}.RelWithDebInfo|Win32.Build.0 = RelWithDebInfo|Win32
		{E528600B-BF31-330D-9413-53B8D49C2688}.Debug|Win32.ActiveCfg = Debug|Win32
		{E528600B-BF31-330D-9413-53B8D49C2688}.Debug|Win32.Build.0 = Debug|Win32
		{E528600B-BF31-330D-9413-53B8D49C2688}.MinSizeRel|Win32.ActiveCfg = MinSizeRel|Win32
		{E528600B-BF31-330D-9413-53B8D49C2688}.MinSizeRel|Win32.Build.0 = MinSizeRel|Win32
		{E528600B-BF31-330D-9413-53B8D49C2688}.Release|Win32.ActiveCfg = Release|Win32
		{E528600B-BF31-330D-9413-53B8D49C2688}.Release|Win32.Build.0 = Release|Win32
		{E528600B-BF31-330D-9413-53B8D49C2688}.RelWithDebInfo|Win32.ActiveCfg = RelWithDebInfo|Win32
		{E528600B-BF31-330D-9413-53B8D49C2688}.RelWithDebInfo|Win32.Build.0 = RelWithDebInfo|Win32
		{4CF36B9B-7ECC-3106-AB84-A1815863D238}.Debug|Win32.ActiveCfg = Debug|Win32
		{4CF36B9B-7ECC-3106-AB84-A1815863D238}.Debug|Win32.Build.0 = Debug|Win32
		{4CF36B9B-7ECC-3106-AB84-A1815863D238}.MinSizeRel|Win32.ActiveCfg = MinSizeRel|Win32
		{4CF36B9B-7ECC-3106-AB84-A1815863D238}.MinSizeRel|Win32.Build.0 = MinSizeRel|Win32
		{4CF36B9B-7ECC-3106-AB84-A1815863D238}.Release|Win32.ActiveCfg = Release|Win32
		{4CF36B9B-7ECC-3106-AB84-A1815863D238}.Release|Win32.Build.0 = Release|Win32
		{4CF36B9B-7ECC-3106-AB84-A1815863D238}.RelWithDebInfo|Win32.ActiveCfg = RelWithDebInfo|Win32
		{4CF36B9B-7ECC-3106-AB84-A1815863D238}.RelWithDebInfo|Win32.Build.0 = RelWithDebInfo|Win32
		{9540123C-B545-3465-9F2E-98C16B44288E}.Debug|Win32.ActiveCfg = Debug|Win32
		{9540123C-B545-3465-9F2E-98C16B44288E}.Debug|Win32.Build.0 = Debug|Win32
		{9540123C-B545-3465-9F2E-98C16B44288E}.MinSizeRel|Win32.ActiveCfg = MinSizeRel|Win32
		{9540123C-B545-3465-9F2E-98C16B44288E}.MinSizeRel|Win32.Build.0 = MinSizeRel|Win32
		{9540123C-B545-3465-9F2E-98C16B44288E}.Release|Win32.ActiveCfg = Release|Win32
		{9540123C-B545-3465-9F2E-98C16B44288E}.Release|Win32.Build.0 = Release|Win32
		{9540123C-B545-3465-9F2E-98C16B44288E}.RelWithDebInfo|Win32.ActiveCfg = RelWithDebInfo|Win32
		{9540123C-B545-3465-9F2E-98C16B44288E}.RelWithDebInfo|Win32.Build.0 = RelWithDebInfo|Win32
		{94DAB4B1-305C-3DAD-8346-D5066A916700}.Debug|Win32.ActiveCfg = Debug|Win32
		{94DAB4B1-305C-3DAD-8346-D5066A916700}.Debug|Win32.Build.0 = Debug|Win32
		{94DAB4B1-305C-3DAD-8346-D5066A916700}.MinSizeRel|Win32.ActiveCfg = MinSizeRel|Win32
		{94DAB4B1-305C-3DAD-8346-D5066A916700}.MinSizeRel|Win32.Build.0 = MinSizeRel|Win32
		{94DAB4B1-305C-3DAD-8346-D5066A916700}.Release|Win32.ActiveCfg = Release|Win32
		{94DAB4B1-305C-3DAD-8346-D5066A916700}.Release|Win32.Build.0 = Release|Win32
		{94DAB4B1-305C-3DAD-8346-D5066A916700}.RelWithDebInfo|Win32.ActiveCfg = RelWithDebInfo|Win32
		{94DAB4B1-305C-3DAD-8346-D5066A916700}.RelWithDebInfo|Win32.Build.0 = RelWithDebInfo|Win32
		{71A7CF90-DCEC-33C7-982A-01682595C769}.Debug|Win32.ActiveCfg = Debug|Win32
		{71A7CF90-DCEC-33C7-982A-01682595C769}.Debug|Win32.Build.0 = Debug|Win32
		{71A7CF90-DCEC-33C7-982A-01682595C769}.MinSizeRel|Win32.ActiveCfg = MinSizeRel|Win32
		{71A7CF90-DCEC-33C7-982A-01682595C769}.MinSizeRel|Win32.Build.0 = MinSizeRel|Win32
		{71A7CF90-DCEC-33C7-982A-01682595C769}.Release|Win32.ActiveCfg = Release|Win32
		{71A7CF90-DCEC-33C7-982A-01682595C769}.Release|Win32.Build.0 = Release|Win32
		{71A7CF90-DCEC-33C7-982A-01682595C769}.RelWithDebInfo|Win32.ActiveCfg = RelWithDebInfo|Win32
		{71A7CF90-DCEC-33C7-982A-01682595C769}.RelWithDebInfo|Win32.Build.0 = RelWithDebInfo|Win32
		{03996BB5-D2ED-395F-A180-E3526F322ECF}.Debug|Win32.ActiveCfg = Debug|Win32
		{03996BB5-D2ED-395F-A180-E3526F322ECF}.Debug|Win32.Build.0 = Debug|Win32
		{03996BB5-D2ED-395F-A180-E3526F322ECF}.MinSizeRel|Win32.ActiveCfg = MinSizeRel|Win32
		{03996BB5-D2ED-395F-A180-E3526F322ECF}.MinSizeRel|Win32.Build.0 = MinSizeRel|Win32
		{03996BB5-D2ED-395F-A180-E3526F322ECF}.Release|Win32.ActiveCfg = Release|Win32
		{03996BB5-D2ED-395F-A180-E3526F322ECF}.Release|Win32.Build.0 = Release|Win32
		{03996BB5-D2ED-395F-A180-E3526F322ECF}.RelWithDebInfo|Win32.ActiveCfg = RelWithDebInfo|Win32
		{03996BB5-D2ED-395F-A180-E3526F322ECF}.RelWithDebInfo|Win32.Build.0 = RelWithDebInfo|Win32
		{09E4FE7C-B8C9-3A23-AED6-B651BD5A8BF6}.Debug|Win32.ActiveCfg = Debug|Win32
		{09E4FE7C-B8C9-3A23-AED6-B651BD5A8BF6}.Debug|Win32.Build.0 = Debug|Win32
		{09E4FE7C-B8C9-3A23-AED6-B651BD5A8BF6}.MinSizeRel|Win32.ActiveCfg = MinSizeRel|Win32
		{09E4FE7C-B8C9-3A23-AED6-B651BD5A8BF6}.MinSizeRel|Win32.Build.0 = MinSizeRel|Win32
		{09E4FE7C-B8C9-3A23-AED6-B651BD5A8BF6}.Release|Win32.ActiveCfg = Release|Win32
		{09E4FE7C-B8C9-3A23-AED6-B651BD5A8BF6}.Release|Win32.Build.0 = Release|Win32
		{09E4FE7C-B8C9-3A23-AED6-B651BD5A8BF6}.RelWithDebInfo|Win32.ActiveCfg = RelWithDebInfo|Win32
		{09E4FE7C-B8C9-3A23-AED6-B651BD5A8BF6}.RelWithDebInfo|Win32.Build.0 = RelWithDebInfo|Win32
		{1BA28C3A-4172-3B0E-8B8C-DACB752FECEE}.Debug|Win32.ActiveCfg = Debug|Win32
		{1BA28C3A-4172-3B0E-8B8C-DACB752FECEE}.Debug|Win32.Build.0 = Debug|Win32
		{1BA28C3A-4172-3B0E-8B8C-DACB752FECEE}.MinSizeRel|Win32.ActiveCfg = MinSizeRel|Win32
		{1BA28C3A-4172-3B0E-8B8C-DACB752FECEE}.MinSizeRel|Win32.Build.0 = MinSizeRel|Win32
		{1BA28C3A-4172-3B0E-8B8C-DACB752FECEE}.Release|Win32.ActiveCfg = Release|Win32
		{1BA28C3A-4172-3B0E-8B8C-DACB752FECEE}.Release|Win32.Build.0 = Release|Win32
		{1BA28C3A-4172-3B0E-8B8C-DACB752FECEE}.RelWithDebInfo|Win32.ActiveCfg = RelWithDebInfo|Win32
		{1BA28C3A-4172-3B0E-8B8C-DACB752FECEE}.RelWithDebInfo|Win32.Build.0 = RelWithDebInfo|Win32
		{16BF6718-6994-31E7-809F-AAF3813C5FB4}.Debug|Win32.ActiveCfg = Debug|Win32
		{16BF6718-6994-31E7-809F-AAF3813C5FB4}.Debug|Win32.Build.0 = Debug|Win32
		{16BF6718-6994-31E7-809F-AAF3813C5FB4}.MinSizeRel|Win32.ActiveCfg = MinSizeRel|Win32
		{16BF6718-6994-31E7-809F-AAF3813C5FB4}.MinSizeRel|Win32.Build.0 = MinSizeRel|Win32
		{16BF6718-6994-31E7-809F-AAF3813C5FB4}.Release|Win32.ActiveCfg = Release|Win32
		{16BF6718-6994-31E7-809F-AAF3813C5FB4}.Release|Win32.Build.0 = Release|Win32
		{16BF6718-6994-31E7-809F-AAF3813C5FB4}.RelWithDebInfo|Win32.ActiveCfg = RelWithDebInfo|Win32
		{16BF6718-6994-31E7-809F-AAF3813C5FB4}.RelWithDebInfo|Win32.Build.0 = RelWithDebInfo|Win32
		{7B591852-9A14-3D53-BFA9-AD313E4F3A07}.Debug|Win32.ActiveCfg = Debug|Win32
		{7B591852-9A14-3D53-BFA9-AD313E4F3A07}.Debug|Win32.Build.0 = Debug|Win32
		{7B591852-9A14-3D53-BFA9-AD313E4F3A07}.MinSizeRel|Win32.ActiveCfg = MinSizeRel|Win32
		{7B591852-9A14-3D53-BFA9-AD313E4F3A07}.MinSizeRel|Win32.Build.0 = MinSizeRel|Win32
		{7B591852-9A14-3D53-BFA9-AD313E4F3A07}.Release|Win32.ActiveCfg = Release|Win32
		{7B591852-9A14-3D53-BFA9-AD313E4F3A07}.Release|Win32.Build.0 = Release|Win32
		{7B591852-9A14-3D53-BFA9-AD313E4F3A07}.RelWithDebInfo|Win32.ActiveCfg = RelWithDebInfo|Win32
		{7B591852-9A14-3D53-BFA9-AD313E4F3A07}.RelWithDebInfo|Win32.Build.0 = RelWithDebInfo|Win32
		{AAF6F3A1-9C2E-3944-B4F1-9D736B0A1B8D}.Debug|Win32.ActiveCfg = Debug|Win32
		{AAF6F3A1-9C2E-3944-B4F1-9D736B0A1B8D}.Debug|Win32.Build.0 = Debug|Win32
		{AAF6F3A1-9C2E-3944-B4F1-9D736B0A1B8D}.MinSizeRel|Win32.ActiveCfg = MinSizeRel|Win32
		{AAF6F3A1-9C2E-3944-B4F1-9D736B0A1B8D}.MinSizeRel|Win32.Build.0 = MinSizeRel|Win32
		{AAF6F3A1-9C2E-3944-B4F1-9D736B0A1B8D}.Release|Win32.ActiveCfg = Release|Win32
		{AAF6F3A1-9C2E-3944-B4F1-9D736B0A1B8D}.Release|Win32.Build.0 = Release|Win32
		{AAF6F3A1-9C2E-3944-B4F1-9D736B0A1B8D}.RelWithDebInfo|Win32.ActiveCfg = RelWithDebInfo|Win32
		{AAF6F3A1-9C2E-3944-B4F1-9D736B0A1B8D}.RelWithDebInfo|Win32.Build.0 = RelWithDebInfo|Win32
		{9C7F8E4D-E897-3F1E-9370-74C95F43361F}.Debug|Win32.ActiveCfg = Debug|Win32
		{9C7F8E4D-E897-3F1E-9370-74C95F43361F}.Debug|Win32.Build.0 = Debug|Win32
		{9C7F8E4D-E897-3F1E-9370-74C95F43361F}.MinSizeRel|Win32.ActiveCfg = MinSizeRel|Win32
		{9C7F8E4D-E897-3F1E-9370-74C95F43361F}.MinSizeRel|Win32.Build.0 = MinSizeRel|Win32
		{9C7F8E4D-E897-3F1E-9370-74C95F43361F}.Release|Win32.ActiveCfg = Release|Win32
		{9C7F8E4D-E897-3F1E-9370-74C95F43361F}.Release|Win32.Build.0 = Release|Win32
		{9C7F8E4D-E897-3F1E-9370-74C95F43361F}.RelWithDebInfo|Win32.ActiveCfg = RelWithDebInfo|Win32
		{9C7F8E4D-E897-3F1E-9370-74C95F43361F}.RelWithDebInfo|Win32.Build.0 = RelWithDebInfo|Win32
		{78B2DF8B-DCBE-3903-BE33-47DED9311CF2}.Debug|Win32.ActiveCfg = Debug|Win32
		{78B2DF8B-DCBE-3903-BE33-47DED9311CF2}.Debug|Win32.Build.0 = Debug|Win32
		{78B2DF8B-DCBE-3903-BE33-47DED9311CF2}.MinSizeRel|Win32.ActiveCfg = MinSizeRel|Win32
		{78B2DF8B-DCBE-3903-BE33-47DED9311CF2}.MinSizeRel|Win32.Build.0 = MinSizeRel|Win32
		{78B2DF8B-DCBE-3903-BE33-47DED9311CF2}.Release|Win32.ActiveCfg = Release|Win32
		{78B2DF8B-DCBE-3903-BE33-47DED9311CF2}.Release|Win32.Build.0 = Release|Win32
		{78B2DF8B-DCBE-3903-BE33-47DED9311CF2}.RelWithDebInfo|Win32.ActiveCfg = RelWithDebInfo|Win32
		{78B2DF8B-DCBE-3903-BE33-47DED9311CF2}.RelWithDebInfo|Win32.Build.0 = RelWithDebInfo|Win32
		{1AB77EF7-D203-360C-B6B3-509F84F8E686}.Debug|Win32.ActiveCfg = Debug|Win32
		{1AB77EF7-D203-360C-B6B3-509F84F8E686}.Debug|Win32.Build.0 = Debug|Win32
		{1AB77EF7-D203-360C-B6B3-509F84F8E686}.MinSizeRel|Win32.ActiveCfg = MinSizeRel|Win32
		{1AB77EF7-D203-360C-B6B3-509F84F8E686}.MinSizeRel|Win32.Build.0 = MinSizeRel|Win32
		{1AB77EF7-D203-360C-B6B3-509F84F8E686}.Release|Win32.ActiveCfg = Release|Win32
		{1AB77EF7-D203-360C-B6B3-509F84F8E686}.Release|Win32.Build.0 = Release|Win32
		{1AB77EF7-D203-360C-B6B3-509F84F8E686}.RelWithDebInfo|Win32.ActiveCfg = RelWithDebInfo|Win32
		{1AB77EF7-D203-360C-B6B3-509F84F8E686}.RelWithDebInfo|Win32.Build.0 = RelWithDebInfo|Win32
		{98C17921-4176-3C0F-BC53-F5D85FCE1F46}.Debug|Win32.ActiveCfg = Debug|Win32
		{98C17921-4176-3C0F-BC53-F5D85FCE1F46}.Debug|Win32.Build.0 = Debug|Win32
		{98C17921-4176-3C0F-BC53-F5D85FCE1F46}.MinSizeRel|Win32.ActiveCfg = MinSizeRel|Win32
		{98C17921-4176-3C0F-BC53-F5D85FCE1F46}.MinSizeRel|Win32.Build.0 = MinSizeRel|Win32
		{98C17921-4176-3C0F-BC53-F5D85FCE1F46}.Release|Win32.ActiveCfg = Release|Win32
		{98C17921-4176-3C0F-BC53-F5D85FCE1F46}.Release|Win32.Build.0 = Release|Win32
		{98C17921-4176-3C0F-BC53-F5D85FCE1F46}.RelWithDebInfo|Win32.ActiveCfg = RelWithDebInfo|Win32
		{98C17921-4176-3C0F-BC53-F5D85FCE1F46}.RelWithDebInfo|Win32.Build.0 = RelWithDebInfo|Win32
		{F5397CB0-1C63-39DF-96EB-A631E7905D31}.Debug|Win32.ActiveCfg = Debug|Win32
		{F5397CB0-1C63-39DF-96EB-A631E7905D31}.Debug|Win32.Build.0 = Debug|Win32
		{F5397CB0-1C63-39DF-96EB-A631E7905D31}.MinSizeRel|Win32.ActiveCfg = MinSizeRel|Win32
		{F5397CB0-1C63-39DF-96EB-A631E7905D31}.MinSizeRel|Win32.Build.0 = MinSizeRel|Win32
		{F5397CB0-1C63-39DF-96EB-A631E7905D31}.Release|Win32.ActiveCfg = Release|Win32
		{F5397CB0-1C63-39DF-96EB-A631E7905D31}.Release|Win32.Build.0 = Release|Win32
		{F5397CB0-1C63-39DF-96EB-A631E7905D31}.RelWithDebInfo|Win32.ActiveCfg = RelWithDebInfo|Win32
		{F5397CB0-1C63-39DF-96EB-A631E7905D31}.RelWithDebInfo|Win32.Build.0 = RelWithDebInfo|Win32
		{A9A84FF9-534E-3DA1-8DF7-275D1F5398CC}.Debug|Win32.ActiveCfg = Debug|Win32
		{A9A84FF9-534E-3DA1-8DF7-275D1F5398CC}.Debug|Win32.Build.0 = Debug|Win32
		{A9A84FF9-534E-3DA1-8DF7-275D1F5398CC}.MinSizeRel|Win32.ActiveCfg = MinSizeRel|Win32
		{A9A84FF9-534E-3DA1-8DF7-275D1F5398CC}.MinSizeRel|Win32.Build.0 = MinSizeRel|Win32
		{A9A84FF9-534E-3DA1-8DF7-275D1F5398CC}.Release|Win32.ActiveCfg = Release|Win32
		{A9A84FF9-534E-3DA1-8DF7-275D1F5398CC}.Release|Win32.Build.0 = Release|Win32
		{A9A84FF9-534E-3DA1-8DF7-275D1F5398CC}.RelWithDebInfo|Win32.ActiveCfg = RelWithDebInfo|Win32
		{A9A84FF9-534E-3DA1-8DF7-275D1F5398CC}.RelWithDebInfo|Win32.Build.0 = RelWithDebInfo|Win32
		{91F1649E-7725-3887-A8E4-E6B2DC8406D5}.Debug|Win32.ActiveCfg = Debug|Win32
		{91F1649E-7725-3887-A8E4-E6B2DC8406D5}.Debug|Win32.Build.0 = Debug|Win32
		{91F1649E-7725-3887-A8E4-E6B2DC8406D5}.MinSizeRel|Win32.ActiveCfg = MinSizeRel|Win32
		{91F1649E-7725-3887-A8E4-E6B2DC8406D5}.MinSizeRel|Win32.Build.0 = MinSizeRel|Win32
		{91F1649E-7725-3887-A8E4-E6B2DC8406D5}.Release|Win32.ActiveCfg = Release|Win32
		{91F1649E-7725-3887-A8E4-E6B2DC8406D5}.Release|Win32.Build.0 = Release|Win32
		{91F1649E-7725-3887-A8E4-E6B2DC8406D5}.RelWithDebInfo|Win32.ActiveCfg = RelWithDebInfo|Win32
		{91F1649E-7725-3887-A8E4-E6B2DC8406D5}.RelWithDebInfo|Win32.Build.0 = RelWithDebInfo|Win32
		{36B9621D-C0A5-3746-AAF3-D13C658B14F5}.Debug|Win32.ActiveCfg = Debug|Win32
		{36B9621D-C0A5-3746-AAF3-D13C658B14F5}.Debug|Win32.Build.0 = Debug|Win32
		{36B9621D-C0A5-3746-AAF3-D13C658B14F5}.MinSizeRel|Win32.ActiveCfg = MinSizeRel|Win32
		{36B9621D-C0A5-3746-AAF3-D13C658B14F5}.MinSizeRel|Win32.Build.0 = MinSizeRel|Win32
		{36B9621D-C0A5-3746-AAF3-D13C658B14F5}.Release|Win32.ActiveCfg = Release|Win32
		{36B9621D-C0A5-3746-AAF3-D13C658B14F5}.Release|Win32.Build.0 = Release|Win32
		{36B9621D-C0A5-3746-AAF3-D13C658B14F5}.RelWithDebInfo|Win32.ActiveCfg = RelWithDebInfo|Win32
		{36B9621D-C0A5-3746-AAF3-D13C658B14F5}.RelWithDebInfo|Win32.Build.0 = RelWithDebInfo|Win32
		{8F7DC6F6-9E4F-3067-BF9B-4251E71D3939}.Debug|Win32.ActiveCfg = Debug|Win32
		{8F7DC6F6-9E4F-3067-BF9B-4251E71D3939}.Debug|Win32.Build.0 = Debug|Win32
		{8F7DC6F6-9E4F-3067-BF9B-4251E71D3939}.MinSizeRel|Win32.ActiveCfg = MinSizeRel|Win32
		{8F7DC6F6-9E4F-3067-BF9B-4251E71D3939}.MinSizeRel|Win32.Build.0 = MinSizeRel|Win32
		{8F7DC6F6-9E4F-3067-BF9B-4251E71D3939}.Release|Win32.ActiveCfg = Release|Win32
		{8F7DC6F6-9E4F-3067-BF9B-4251E71D3939}.Release|Win32.Build.0 = Release|Win32
		{8F7DC6F6-9E4F-3067-BF9B-4251E71D3939}.RelWithDebInfo|Win32.ActiveCfg = RelWithDebInfo|Win32
		{8F7DC6F6-9E4F-3067-BF9B-4251E71D3939}.RelWithDebInfo|Win32.Build.0 = RelWithDebInfo|Win32
		{F1F2A75F-6F33-34E3-86C1-02CC3A2B7FCA}.Debug|Win32.ActiveCfg = Debug|Win32
		{F1F2A75F-6F33-34E3-86C1-02CC3A2B7FCA}.Debug|Win32.Build.0 = Debug|Win32
		{F1F2A75F-6F33-34E3-86C1-02CC3A2B7FCA}.MinSizeRel|Win32.ActiveCfg = MinSizeRel|Win32
		{F1F2A75F-6F33-34E3-86C1-02CC3A2B7FCA}.MinSizeRel|Win32.Build.0 = MinSizeRel|Win32
		{F1F2A75F-6F33-34E3-86C1-02CC3A2B7FCA}.Release|Win32.ActiveCfg = Release|Win32
		{F1F2A75F-6F33-34E3-86C1-02CC3A2B7FCA}.Release|Win32.Build.0 = Release|Win32
		{F1F2A75F-6F33-34E3-86C1-02CC3A2B7FCA}.RelWithDebInfo|Win32.ActiveCfg = RelWithDebInfo|Win32
		{F1F2A75F-6F33-34E3-86C1-02CC3A2B7FCA}.RelWithDebInfo|Win32.Build.0 = RelWithDebInfo|Win32
		{41618869-D4F4-3DDB-993F-928B9E708EBE}.Debug|Win32.ActiveCfg = Debug|Win32
		{41618869-D4F4-3DDB-993F-928B9E708EBE}.Debug|Win32.Build.0 = Debug|Win32
		{41618869-D4F4-3DDB-993F-928B9E708EBE}.MinSizeRel|Win32.ActiveCfg = MinSizeRel|Win32
		{41618869-D4F4-3DDB-993F-928B9E708EBE}.MinSizeRel|Win32.Build.0 = MinSizeRel|Win32
		{41618869-D4F4-3DDB-993F-928B9E708EBE}.Release|Win32.ActiveCfg = Release|Win32
		{41618869-D4F4-3DDB-993F-928B9E708EBE}.Release|Win32.Build.0 = Release|Win32
		{41618869-D4F4-3DDB-993F-928B9E708EBE}.RelWithDebInfo|Win32.ActiveCfg = RelWithDebInfo|Win32
		{41618869-D4F4-3DDB-993F-928B9E708EBE}.RelWithDebInfo|Win32.Build.0 = RelWithDebInfo|Win32
		{8A87FCC4-16DB-4319-A273-0D1A162CFA61}.Debug|Win32.ActiveCfg = Debug|Win32
		{8A87FCC4-16DB-4319-A273-0D1A162CFA61}.Debug|Win32.Build.0 = Debug|Win32
		{8A87FCC4-16DB-4319-A273-0D1A162CFA61}.MinSizeRel|Win32.ActiveCfg = MinSizeRel|Win32
		{8A87FCC4-16DB-4319-A273-0D1A162CFA61}.MinSizeRel|Win32.Build.0 = MinSizeRel|Win32
		{8A87FCC4-16DB-4319-A273-0D1A162CFA61}.Release|Win32.ActiveCfg = Release|Win32
		{8A87FCC4-16DB-4319-A273-0D1A162CFA61}.Release|Win32.Build.0 = Release|Win32
		{8A87FCC4-16DB-4319-A273-0D1A162CFA61}.RelWithDebInfo|Win32.ActiveCfg = RelWithDebInfo|Win32
		{8A87FCC4-16DB-4319-A273-0D1A162CFA61}.RelWithDebInfo|Win32.Build.0 = RelWithDebInfo|Win32
	EndGlobalSection
	GlobalSection(SolutionProperties) = preSolution
		HideSolutionNode = FALSE
	EndGlobalSection
EndGlobal
